// !$*UTF8*$!
{
	archiveVersion = 1;
	classes = {
	};
	objectVersion = 46;
	objects = {

/* Begin PBXBuildFile section */
		180F11851E757DD40082F385 /* PhotoVC.m in Sources */ = {isa = PBXBuildFile; fileRef = 180F11841E757DD40082F385 /* PhotoVC.m */; };
		180F11871E7590090082F385 /* iflyMSC.framework in Frameworks */ = {isa = PBXBuildFile; fileRef = 180F11861E7590090082F385 /* iflyMSC.framework */; };
		180F11A31E75907C0082F385 /* FaceStreamDetectorViewController.m in Sources */ = {isa = PBXBuildFile; fileRef = 180F118B1E75907C0082F385 /* FaceStreamDetectorViewController.m */; };
		180F11A41E75907C0082F385 /* CanvasView.m in Sources */ = {isa = PBXBuildFile; fileRef = 180F118F1E75907C0082F385 /* CanvasView.m */; };
		180F11A51E75907C0082F385 /* CaptureManager.m in Sources */ = {isa = PBXBuildFile; fileRef = 180F11921E75907C0082F385 /* CaptureManager.m */; };
		180F11A61E75907C0082F385 /* CalculatorTools.m in Sources */ = {isa = PBXBuildFile; fileRef = 180F11961E75907C0082F385 /* CalculatorTools.m */; };
		180F11A71E75907C0082F385 /* IFlyFaceImage.m in Sources */ = {isa = PBXBuildFile; fileRef = 180F11981E75907C0082F385 /* IFlyFaceImage.m */; };
		180F11A81E75907C0082F385 /* UIImage+compress.m in Sources */ = {isa = PBXBuildFile; fileRef = 180F119A1E75907C0082F385 /* UIImage+compress.m */; };
		180F11A91E75907C0082F385 /* UIImage+Extensions.m in Sources */ = {isa = PBXBuildFile; fileRef = 180F119C1E75907C0082F385 /* UIImage+Extensions.m */; };
		180F11AA1E75907C0082F385 /* PermissionDetector.m in Sources */ = {isa = PBXBuildFile; fileRef = 180F119F1E75907C0082F385 /* PermissionDetector.m */; };
		180F11AB1E75907C0082F385 /* IFlyFaceResultKeys.m in Sources */ = {isa = PBXBuildFile; fileRef = 180F11A21E75907C0082F385 /* IFlyFaceResultKeys.m */; };
		180F11AE1E7593090082F385 /* ViewController.mm in Sources */ = {isa = PBXBuildFile; fileRef = 180F11AD1E7593090082F385 /* ViewController.mm */; };
		180F11D21E759B620082F385 /* Accelerate.framework in Frameworks */ = {isa = PBXBuildFile; fileRef = 180F11C21E759B620082F385 /* Accelerate.framework */; };
		180F11D31E759B620082F385 /* AddressBook.framework in Frameworks */ = {isa = PBXBuildFile; fileRef = 180F11C31E759B620082F385 /* AddressBook.framework */; };
		180F11D41E759B620082F385 /* AudioToolbox.framework in Frameworks */ = {isa = PBXBuildFile; fileRef = 180F11C41E759B620082F385 /* AudioToolbox.framework */; };
		180F11D51E759B620082F385 /* AVFoundation.framework in Frameworks */ = {isa = PBXBuildFile; fileRef = 180F11C51E759B620082F385 /* AVFoundation.framework */; };
		180F11D61E759B620082F385 /* CFNetwork.framework in Frameworks */ = {isa = PBXBuildFile; fileRef = 180F11C61E759B620082F385 /* CFNetwork.framework */; };
		180F11D71E759B620082F385 /* CoreGraphics.framework in Frameworks */ = {isa = PBXBuildFile; fileRef = 180F11C71E759B620082F385 /* CoreGraphics.framework */; };
		180F11D81E759B620082F385 /* CoreLocation.framework in Frameworks */ = {isa = PBXBuildFile; fileRef = 180F11C81E759B620082F385 /* CoreLocation.framework */; };
		180F11D91E759B620082F385 /* CoreTelephony.framework in Frameworks */ = {isa = PBXBuildFile; fileRef = 180F11C91E759B620082F385 /* CoreTelephony.framework */; };
		180F11DA1E759B620082F385 /* Foundation.framework in Frameworks */ = {isa = PBXBuildFile; fileRef = 180F11CA1E759B620082F385 /* Foundation.framework */; };
		180F11DB1E759B620082F385 /* iflyMSC.framework in Frameworks */ = {isa = PBXBuildFile; fileRef = 180F11CB1E759B620082F385 /* iflyMSC.framework */; };
		180F11DC1E759B620082F385 /* libc++.1.tbd in Frameworks */ = {isa = PBXBuildFile; fileRef = 180F11CC1E759B620082F385 /* libc++.1.tbd */; };
		180F11DD1E759B620082F385 /* libz.tbd in Frameworks */ = {isa = PBXBuildFile; fileRef = 180F11CD1E759B620082F385 /* libz.tbd */; };
		180F11DE1E759B620082F385 /* QuartzCore.framework in Frameworks */ = {isa = PBXBuildFile; fileRef = 180F11CE1E759B620082F385 /* QuartzCore.framework */; };
		180F11DF1E759B620082F385 /* Security.framework in Frameworks */ = {isa = PBXBuildFile; fileRef = 180F11CF1E759B620082F385 /* Security.framework */; };
		180F11E01E759B620082F385 /* SystemConfiguration.framework in Frameworks */ = {isa = PBXBuildFile; fileRef = 180F11D01E759B620082F385 /* SystemConfiguration.framework */; };
		180F11E11E759B620082F385 /* UIKit.framework in Frameworks */ = {isa = PBXBuildFile; fileRef = 180F11D11E759B620082F385 /* UIKit.framework */; };
		180F11E41E75B4490082F385 /* FaceDetectVC.m in Sources */ = {isa = PBXBuildFile; fileRef = 180F11E31E75B4490082F385 /* FaceDetectVC.m */; };
		180F11E71E75B9B40082F385 /* FaceSucessVC.m in Sources */ = {isa = PBXBuildFile; fileRef = 180F11E61E75B9B40082F385 /* FaceSucessVC.m */; };
		1818E44A1E750A9D003B8865 /* AccountCell.m in Sources */ = {isa = PBXBuildFile; fileRef = 1818E4491E750A9D003B8865 /* AccountCell.m */; };
		1818E44D1E751518003B8865 /* BindingMailVC.m in Sources */ = {isa = PBXBuildFile; fileRef = 1818E44C1E751518003B8865 /* BindingMailVC.m */; };
		1818E4531E753210003B8865 /* MessageDetailView.m in Sources */ = {isa = PBXBuildFile; fileRef = 1818E4521E753210003B8865 /* MessageDetailView.m */; };
		1818E4561E754FBE003B8865 /* VerifyVC.m in Sources */ = {isa = PBXBuildFile; fileRef = 1818E4551E754FBE003B8865 /* VerifyVC.m */; };
		1818E4591E75544C003B8865 /* VerifyTypeView.m in Sources */ = {isa = PBXBuildFile; fileRef = 1818E4581E75544C003B8865 /* VerifyTypeView.m */; };
		18314D931E62ABB50046A127 /* SKGraphicView.m in Sources */ = {isa = PBXBuildFile; fileRef = 18314D921E62ABB50046A127 /* SKGraphicView.m */; };
		18314D961E62ACAB0046A127 /* SignVC.m in Sources */ = {isa = PBXBuildFile; fileRef = 18314D951E62ACAB0046A127 /* SignVC.m */; };
		18314D991E62C0B20046A127 /* SignImageView.m in Sources */ = {isa = PBXBuildFile; fileRef = 18314D981E62C0B20046A127 /* SignImageView.m */; };
		1831BC961E575CCA00AAE0E5 /* main.m in Sources */ = {isa = PBXBuildFile; fileRef = 1831BC951E575CCA00AAE0E5 /* main.m */; };
		1831BC991E575CCA00AAE0E5 /* AppDelegate.m in Sources */ = {isa = PBXBuildFile; fileRef = 1831BC981E575CCA00AAE0E5 /* AppDelegate.m */; };
		1831BC9F1E575CCA00AAE0E5 /* Main.storyboard in Resources */ = {isa = PBXBuildFile; fileRef = 1831BC9D1E575CCA00AAE0E5 /* Main.storyboard */; };
		1831BCA11E575CCA00AAE0E5 /* Assets.xcassets in Resources */ = {isa = PBXBuildFile; fileRef = 1831BCA01E575CCA00AAE0E5 /* Assets.xcassets */; };
		1831BCAF1E575CCA00AAE0E5 /* qddTests.m in Sources */ = {isa = PBXBuildFile; fileRef = 1831BCAE1E575CCA00AAE0E5 /* qddTests.m */; };
		1831BCBA1E575CCA00AAE0E5 /* qddUITests.m in Sources */ = {isa = PBXBuildFile; fileRef = 1831BCB91E575CCA00AAE0E5 /* qddUITests.m */; };
		1831BCF71E575E0A00AAE0E5 /* BaseVC.m in Sources */ = {isa = PBXBuildFile; fileRef = 1831BCCA1E575E0A00AAE0E5 /* BaseVC.m */; };
		1831BCF81E575E0A00AAE0E5 /* MainVC.m in Sources */ = {isa = PBXBuildFile; fileRef = 1831BCCC1E575E0A00AAE0E5 /* MainVC.m */; };
		1831BCFB1E575E0A00AAE0E5 /* AFNetRequest.m in Sources */ = {isa = PBXBuildFile; fileRef = 1831BCD31E575E0A00AAE0E5 /* AFNetRequest.m */; };
		1831BCFC1E575E0A00AAE0E5 /* Accelerate.framework in Frameworks */ = {isa = PBXBuildFile; fileRef = 1831BCD61E575E0A00AAE0E5 /* Accelerate.framework */; };
		1831BCFD1E575E0A00AAE0E5 /* CFNetwork.framework in Frameworks */ = {isa = PBXBuildFile; fileRef = 1831BCD71E575E0A00AAE0E5 /* CFNetwork.framework */; };
		1831BCFE1E575E0A00AAE0E5 /* CoreGraphics.framework in Frameworks */ = {isa = PBXBuildFile; fileRef = 1831BCD81E575E0A00AAE0E5 /* CoreGraphics.framework */; };
		1831BCFF1E575E0A00AAE0E5 /* Foundation.framework in Frameworks */ = {isa = PBXBuildFile; fileRef = 1831BCD91E575E0A00AAE0E5 /* Foundation.framework */; };
		1831BD001E575E0A00AAE0E5 /* Security.framework in Frameworks */ = {isa = PBXBuildFile; fileRef = 1831BCDA1E575E0A00AAE0E5 /* Security.framework */; };
		1831BD011E575E0A00AAE0E5 /* SystemConfiguration.framework in Frameworks */ = {isa = PBXBuildFile; fileRef = 1831BCDB1E575E0A00AAE0E5 /* SystemConfiguration.framework */; };
		1831BD021E575E0A00AAE0E5 /* UIKit.framework in Frameworks */ = {isa = PBXBuildFile; fileRef = 1831BCDC1E575E0A00AAE0E5 /* UIKit.framework */; };
		1831BD031E575E0A00AAE0E5 /* AFHTTPSessionManager.m in Sources */ = {isa = PBXBuildFile; fileRef = 1831BCE01E575E0A00AAE0E5 /* AFHTTPSessionManager.m */; };
		1831BD041E575E0A00AAE0E5 /* AFNetworkReachabilityManager.m in Sources */ = {isa = PBXBuildFile; fileRef = 1831BCE31E575E0A00AAE0E5 /* AFNetworkReachabilityManager.m */; };
		1831BD051E575E0A00AAE0E5 /* AFSecurityPolicy.m in Sources */ = {isa = PBXBuildFile; fileRef = 1831BCE51E575E0A00AAE0E5 /* AFSecurityPolicy.m */; };
		1831BD061E575E0A00AAE0E5 /* AFURLRequestSerialization.m in Sources */ = {isa = PBXBuildFile; fileRef = 1831BCE71E575E0A00AAE0E5 /* AFURLRequestSerialization.m */; };
		1831BD071E575E0A00AAE0E5 /* AFURLResponseSerialization.m in Sources */ = {isa = PBXBuildFile; fileRef = 1831BCE91E575E0A00AAE0E5 /* AFURLResponseSerialization.m */; };
		1831BD081E575E0A00AAE0E5 /* AFURLSessionManager.m in Sources */ = {isa = PBXBuildFile; fileRef = 1831BCEB1E575E0A00AAE0E5 /* AFURLSessionManager.m */; };
		1831BD091E575E0A00AAE0E5 /* LICENSE in Resources */ = {isa = PBXBuildFile; fileRef = 1831BCED1E575E0A00AAE0E5 /* LICENSE */; };
		1831BD0A1E575E0A00AAE0E5 /* README.md in Sources */ = {isa = PBXBuildFile; fileRef = 1831BCEE1E575E0A00AAE0E5 /* README.md */; };
		1831BD0B1E575E0A00AAE0E5 /* RECommonFunctions.m in Sources */ = {isa = PBXBuildFile; fileRef = 1831BCF11E575E0A00AAE0E5 /* RECommonFunctions.m */; };
		1831BD0C1E575E0A00AAE0E5 /* RESideMenu.m in Sources */ = {isa = PBXBuildFile; fileRef = 1831BCF31E575E0A00AAE0E5 /* RESideMenu.m */; };
		1831BD0D1E575E0A00AAE0E5 /* UIViewController+RESideMenu.m in Sources */ = {isa = PBXBuildFile; fileRef = 1831BCF51E575E0A00AAE0E5 /* UIViewController+RESideMenu.m */; };
		184935D31E6F035200195071 /* SignCell.m in Sources */ = {isa = PBXBuildFile; fileRef = 184935D21E6F035200195071 /* SignCell.m */; };
		185A03121E61412B00EB9325 /* ShoppingVC.m in Sources */ = {isa = PBXBuildFile; fileRef = 185A03111E61412B00EB9325 /* ShoppingVC.m */; };
		185A03151E61415000EB9325 /* MySignVC.m in Sources */ = {isa = PBXBuildFile; fileRef = 185A03141E61415000EB9325 /* MySignVC.m */; };
		185A03181E61415E00EB9325 /* ContactVC.m in Sources */ = {isa = PBXBuildFile; fileRef = 185A03171E61415E00EB9325 /* ContactVC.m */; };
		185A031B1E61416B00EB9325 /* MyOrderVC.m in Sources */ = {isa = PBXBuildFile; fileRef = 185A031A1E61416B00EB9325 /* MyOrderVC.m */; };
		185A031E1E61417900EB9325 /* SetVC.m in Sources */ = {isa = PBXBuildFile; fileRef = 185A031D1E61417900EB9325 /* SetVC.m */; };
		185A03211E6165DE00EB9325 /* SetView.m in Sources */ = {isa = PBXBuildFile; fileRef = 185A03201E6165DE00EB9325 /* SetView.m */; };
		185A03251E6173C300EB9325 /* ShoppingDetailVC.m in Sources */ = {isa = PBXBuildFile; fileRef = 185A03241E6173C300EB9325 /* ShoppingDetailVC.m */; };
		185A032C1E618AEE00EB9325 /* PayVC.m in Sources */ = {isa = PBXBuildFile; fileRef = 185A032B1E618AEE00EB9325 /* PayVC.m */; };
		185A032F1E61916700EB9325 /* PayView.m in Sources */ = {isa = PBXBuildFile; fileRef = 185A032E1E61916700EB9325 /* PayView.m */; };
		18ABF8D41E73922A00022368 /* RegisteFailedVC.m in Sources */ = {isa = PBXBuildFile; fileRef = 18ABF8D31E73922A00022368 /* RegisteFailedVC.m */; };
		18ABF8D71E739C7B00022368 /* BindMailVC.m in Sources */ = {isa = PBXBuildFile; fileRef = 18ABF8D61E739C7B00022368 /* BindMailVC.m */; };
		18ABF8DA1E73C52E00022368 /* ForgetPasswordVC.m in Sources */ = {isa = PBXBuildFile; fileRef = 18ABF8D91E73C52E00022368 /* ForgetPasswordVC.m */; };
		18ABF8DD1E73CBBA00022368 /* GetVerifyCodeView.m in Sources */ = {isa = PBXBuildFile; fileRef = 18ABF8DC1E73CBBA00022368 /* GetVerifyCodeView.m */; };
		18ABF8E01E73D38700022368 /* SetPasswordSucessVC.m in Sources */ = {isa = PBXBuildFile; fileRef = 18ABF8DF1E73D38700022368 /* SetPasswordSucessVC.m */; };
		18ABF8E31E73D39800022368 /* SetPasswordFailedVC.m in Sources */ = {isa = PBXBuildFile; fileRef = 18ABF8E21E73D39800022368 /* SetPasswordFailedVC.m */; };
		18ABF8E61E73D9B900022368 /* ResetPasswordVC.m in Sources */ = {isa = PBXBuildFile; fileRef = 18ABF8E51E73D9B900022368 /* ResetPasswordVC.m */; };
		18ABF8E91E73FE2700022368 /* CommentVC.m in Sources */ = {isa = PBXBuildFile; fileRef = 18ABF8E81E73FE2700022368 /* CommentVC.m */; };
		18D9380E1E704836000EC118 /* LoginVC.m in Sources */ = {isa = PBXBuildFile; fileRef = 18D9380D1E704836000EC118 /* LoginVC.m */; };
		18D938111E705EF0000EC118 /* RegisteVC.m in Sources */ = {isa = PBXBuildFile; fileRef = 18D938101E705EF0000EC118 /* RegisteVC.m */; };
		18DC3A591E596C2200151834 /* LeftVC.m in Sources */ = {isa = PBXBuildFile; fileRef = 18DC3A581E596C2200151834 /* LeftVC.m */; };
		18DC3A5C1E596C4500151834 /* RightVC.m in Sources */ = {isa = PBXBuildFile; fileRef = 18DC3A5B1E596C4500151834 /* RightVC.m */; };
		18DC3A6A1E598D7400151834 /* MessageCell.m in Sources */ = {isa = PBXBuildFile; fileRef = 18DC3A691E598D7400151834 /* MessageCell.m */; };
		18EF03431E5C80CC00A2093E /* MessageDetailVC.m in Sources */ = {isa = PBXBuildFile; fileRef = 18EF03421E5C80CC00A2093E /* MessageDetailVC.m */; };
		18F493F91E6BB0C80033AC03 /* OrderCell.m in Sources */ = {isa = PBXBuildFile; fileRef = 18F493F81E6BB0C80033AC03 /* OrderCell.m */; };
		18F494011E6BD2B50033AC03 /* NSString+PinYin.m in Sources */ = {isa = PBXBuildFile; fileRef = 18F494001E6BD2B50033AC03 /* NSString+PinYin.m */; };
		18F494041E6BDF100033AC03 /* AddContactVC.m in Sources */ = {isa = PBXBuildFile; fileRef = 18F494031E6BDF100033AC03 /* AddContactVC.m */; };
		18F494071E6BE9120033AC03 /* AddContactView.m in Sources */ = {isa = PBXBuildFile; fileRef = 18F494061E6BE9120033AC03 /* AddContactView.m */; };
		18F4940D1E6BFFDA0033AC03 /* AboutVC.m in Sources */ = {isa = PBXBuildFile; fileRef = 18F4940C1E6BFFDA0033AC03 /* AboutVC.m */; };
		18F494101E6C06060033AC03 /* HelpVC.m in Sources */ = {isa = PBXBuildFile; fileRef = 18F4940F1E6C06060033AC03 /* HelpVC.m */; };
		18F494131E6C086C0033AC03 /* UILabel+Adjust.m in Sources */ = {isa = PBXBuildFile; fileRef = 18F494121E6C086C0033AC03 /* UILabel+Adjust.m */; };
		18F494161E6C14310033AC03 /* SecurityVC.m in Sources */ = {isa = PBXBuildFile; fileRef = 18F494151E6C14310033AC03 /* SecurityVC.m */; };
		18F494191E6C16BB0033AC03 /* SetPasswordVC.m in Sources */ = {isa = PBXBuildFile; fileRef = 18F494181E6C16BB0033AC03 /* SetPasswordVC.m */; };
		18F4941C1E6C1B9D0033AC03 /* PasswordView.m in Sources */ = {isa = PBXBuildFile; fileRef = 18F4941B1E6C1B9D0033AC03 /* PasswordView.m */; };
		18F4941F1E6C2BB70033AC03 /* UserAccountVC.m in Sources */ = {isa = PBXBuildFile; fileRef = 18F4941E1E6C2BB70033AC03 /* UserAccountVC.m */; };
		18FD19C21E718DA600AA54CF /* RegisteCell.m in Sources */ = {isa = PBXBuildFile; fileRef = 18FD19C11E718DA600AA54CF /* RegisteCell.m */; };
		18FD19C51E71B5CF00AA54CF /* RegisteSucessVC.m in Sources */ = {isa = PBXBuildFile; fileRef = 18FD19C41E71B5CF00AA54CF /* RegisteSucessVC.m */; };
/* End PBXBuildFile section */

/* Begin PBXContainerItemProxy section */
		1831BCAB1E575CCA00AAE0E5 /* PBXContainerItemProxy */ = {
			isa = PBXContainerItemProxy;
			containerPortal = 1831BC891E575CC900AAE0E5 /* Project object */;
			proxyType = 1;
			remoteGlobalIDString = 1831BC901E575CC900AAE0E5;
			remoteInfo = qdd;
		};
		1831BCB61E575CCA00AAE0E5 /* PBXContainerItemProxy */ = {
			isa = PBXContainerItemProxy;
			containerPortal = 1831BC891E575CC900AAE0E5 /* Project object */;
			proxyType = 1;
			remoteGlobalIDString = 1831BC901E575CC900AAE0E5;
			remoteInfo = qdd;
		};
/* End PBXContainerItemProxy section */

/* Begin PBXFileReference section */
		180F11831E757DD40082F385 /* PhotoVC.h */ = {isa = PBXFileReference; fileEncoding = 4; lastKnownFileType = sourcecode.c.h; path = PhotoVC.h; sourceTree = "<group>"; };
		180F11841E757DD40082F385 /* PhotoVC.m */ = {isa = PBXFileReference; fileEncoding = 4; lastKnownFileType = sourcecode.c.objc; path = PhotoVC.m; sourceTree = "<group>"; };
		180F11861E7590090082F385 /* iflyMSC.framework */ = {isa = PBXFileReference; lastKnownFileType = wrapper.framework; path = iflyMSC.framework; sourceTree = "<group>"; };
		180F118A1E75907C0082F385 /* FaceStreamDetectorViewController.h */ = {isa = PBXFileReference; fileEncoding = 4; lastKnownFileType = sourcecode.c.h; path = FaceStreamDetectorViewController.h; sourceTree = "<group>"; };
		180F118B1E75907C0082F385 /* FaceStreamDetectorViewController.m */ = {isa = PBXFileReference; fileEncoding = 4; lastKnownFileType = sourcecode.c.objc; path = FaceStreamDetectorViewController.m; sourceTree = "<group>"; };
		180F118E1E75907C0082F385 /* CanvasView.h */ = {isa = PBXFileReference; fileEncoding = 4; lastKnownFileType = sourcecode.c.h; path = CanvasView.h; sourceTree = "<group>"; };
		180F118F1E75907C0082F385 /* CanvasView.m */ = {isa = PBXFileReference; fileEncoding = 4; lastKnownFileType = sourcecode.c.objc; path = CanvasView.m; sourceTree = "<group>"; };
		180F11911E75907C0082F385 /* CaptureManager.h */ = {isa = PBXFileReference; fileEncoding = 4; lastKnownFileType = sourcecode.c.h; path = CaptureManager.h; sourceTree = "<group>"; };
		180F11921E75907C0082F385 /* CaptureManager.m */ = {isa = PBXFileReference; fileEncoding = 4; lastKnownFileType = sourcecode.c.objc; path = CaptureManager.m; sourceTree = "<group>"; };
		180F11931E75907C0082F385 /* DemoPreDefine.h */ = {isa = PBXFileReference; fileEncoding = 4; lastKnownFileType = sourcecode.c.h; path = DemoPreDefine.h; sourceTree = "<group>"; };
		180F11951E75907C0082F385 /* CalculatorTools.h */ = {isa = PBXFileReference; fileEncoding = 4; lastKnownFileType = sourcecode.c.h; path = CalculatorTools.h; sourceTree = "<group>"; };
		180F11961E75907C0082F385 /* CalculatorTools.m */ = {isa = PBXFileReference; fileEncoding = 4; lastKnownFileType = sourcecode.c.objc; path = CalculatorTools.m; sourceTree = "<group>"; };
		180F11971E75907C0082F385 /* IFlyFaceImage.h */ = {isa = PBXFileReference; fileEncoding = 4; lastKnownFileType = sourcecode.c.h; path = IFlyFaceImage.h; sourceTree = "<group>"; };
		180F11981E75907C0082F385 /* IFlyFaceImage.m */ = {isa = PBXFileReference; fileEncoding = 4; lastKnownFileType = sourcecode.c.objc; path = IFlyFaceImage.m; sourceTree = "<group>"; };
		180F11991E75907C0082F385 /* UIImage+compress.h */ = {isa = PBXFileReference; fileEncoding = 4; lastKnownFileType = sourcecode.c.h; path = "UIImage+compress.h"; sourceTree = "<group>"; };
		180F119A1E75907C0082F385 /* UIImage+compress.m */ = {isa = PBXFileReference; fileEncoding = 4; lastKnownFileType = sourcecode.c.objc; path = "UIImage+compress.m"; sourceTree = "<group>"; };
		180F119B1E75907C0082F385 /* UIImage+Extensions.h */ = {isa = PBXFileReference; fileEncoding = 4; lastKnownFileType = sourcecode.c.h; path = "UIImage+Extensions.h"; sourceTree = "<group>"; };
		180F119C1E75907C0082F385 /* UIImage+Extensions.m */ = {isa = PBXFileReference; fileEncoding = 4; lastKnownFileType = sourcecode.c.objc; path = "UIImage+Extensions.m"; sourceTree = "<group>"; };
		180F119E1E75907C0082F385 /* PermissionDetector.h */ = {isa = PBXFileReference; fileEncoding = 4; lastKnownFileType = sourcecode.c.h; path = PermissionDetector.h; sourceTree = "<group>"; };
		180F119F1E75907C0082F385 /* PermissionDetector.m */ = {isa = PBXFileReference; fileEncoding = 4; lastKnownFileType = sourcecode.c.objc; path = PermissionDetector.m; sourceTree = "<group>"; };
		180F11A11E75907C0082F385 /* IFlyFaceResultKeys.h */ = {isa = PBXFileReference; fileEncoding = 4; lastKnownFileType = sourcecode.c.h; path = IFlyFaceResultKeys.h; sourceTree = "<group>"; };
		180F11A21E75907C0082F385 /* IFlyFaceResultKeys.m */ = {isa = PBXFileReference; fileEncoding = 4; lastKnownFileType = sourcecode.c.objc; path = IFlyFaceResultKeys.m; sourceTree = "<group>"; };
		180F11AC1E7593090082F385 /* ViewController.h */ = {isa = PBXFileReference; fileEncoding = 4; lastKnownFileType = sourcecode.c.h; path = ViewController.h; sourceTree = "<group>"; };
		180F11AD1E7593090082F385 /* ViewController.mm */ = {isa = PBXFileReference; fileEncoding = 4; lastKnownFileType = sourcecode.cpp.objcpp; path = ViewController.mm; sourceTree = "<group>"; };
		180F11B51E75972A0082F385 /* PrefixHeader.pch */ = {isa = PBXFileReference; fileEncoding = 4; lastKnownFileType = sourcecode.c.h; path = PrefixHeader.pch; sourceTree = "<group>"; };
		180F11C21E759B620082F385 /* Accelerate.framework */ = {isa = PBXFileReference; lastKnownFileType = wrapper.framework; path = Accelerate.framework; sourceTree = "<group>"; };
		180F11C31E759B620082F385 /* AddressBook.framework */ = {isa = PBXFileReference; lastKnownFileType = wrapper.framework; path = AddressBook.framework; sourceTree = "<group>"; };
		180F11C41E759B620082F385 /* AudioToolbox.framework */ = {isa = PBXFileReference; lastKnownFileType = wrapper.framework; path = AudioToolbox.framework; sourceTree = "<group>"; };
		180F11C51E759B620082F385 /* AVFoundation.framework */ = {isa = PBXFileReference; lastKnownFileType = wrapper.framework; path = AVFoundation.framework; sourceTree = "<group>"; };
		180F11C61E759B620082F385 /* CFNetwork.framework */ = {isa = PBXFileReference; lastKnownFileType = wrapper.framework; path = CFNetwork.framework; sourceTree = "<group>"; };
		180F11C71E759B620082F385 /* CoreGraphics.framework */ = {isa = PBXFileReference; lastKnownFileType = wrapper.framework; path = CoreGraphics.framework; sourceTree = "<group>"; };
		180F11C81E759B620082F385 /* CoreLocation.framework */ = {isa = PBXFileReference; lastKnownFileType = wrapper.framework; path = CoreLocation.framework; sourceTree = "<group>"; };
		180F11C91E759B620082F385 /* CoreTelephony.framework */ = {isa = PBXFileReference; lastKnownFileType = wrapper.framework; path = CoreTelephony.framework; sourceTree = "<group>"; };
		180F11CA1E759B620082F385 /* Foundation.framework */ = {isa = PBXFileReference; lastKnownFileType = wrapper.framework; path = Foundation.framework; sourceTree = "<group>"; };
		180F11CB1E759B620082F385 /* iflyMSC.framework */ = {isa = PBXFileReference; lastKnownFileType = wrapper.framework; path = iflyMSC.framework; sourceTree = "<group>"; };
		180F11CC1E759B620082F385 /* libc++.1.tbd */ = {isa = PBXFileReference; fileEncoding = 4; lastKnownFileType = "sourcecode.text-based-dylib-definition"; path = "libc++.1.tbd"; sourceTree = "<group>"; };
		180F11CD1E759B620082F385 /* libz.tbd */ = {isa = PBXFileReference; fileEncoding = 4; lastKnownFileType = "sourcecode.text-based-dylib-definition"; path = libz.tbd; sourceTree = "<group>"; };
		180F11CE1E759B620082F385 /* QuartzCore.framework */ = {isa = PBXFileReference; lastKnownFileType = wrapper.framework; path = QuartzCore.framework; sourceTree = "<group>"; };
		180F11CF1E759B620082F385 /* Security.framework */ = {isa = PBXFileReference; lastKnownFileType = wrapper.framework; path = Security.framework; sourceTree = "<group>"; };
		180F11D01E759B620082F385 /* SystemConfiguration.framework */ = {isa = PBXFileReference; lastKnownFileType = wrapper.framework; path = SystemConfiguration.framework; sourceTree = "<group>"; };
		180F11D11E759B620082F385 /* UIKit.framework */ = {isa = PBXFileReference; lastKnownFileType = wrapper.framework; path = UIKit.framework; sourceTree = "<group>"; };
		180F11E21E75B4490082F385 /* FaceDetectVC.h */ = {isa = PBXFileReference; fileEncoding = 4; lastKnownFileType = sourcecode.c.h; path = FaceDetectVC.h; sourceTree = "<group>"; };
		180F11E31E75B4490082F385 /* FaceDetectVC.m */ = {isa = PBXFileReference; fileEncoding = 4; lastKnownFileType = sourcecode.c.objc; path = FaceDetectVC.m; sourceTree = "<group>"; };
		180F11E51E75B9B40082F385 /* FaceSucessVC.h */ = {isa = PBXFileReference; fileEncoding = 4; lastKnownFileType = sourcecode.c.h; path = FaceSucessVC.h; sourceTree = "<group>"; };
		180F11E61E75B9B40082F385 /* FaceSucessVC.m */ = {isa = PBXFileReference; fileEncoding = 4; lastKnownFileType = sourcecode.c.objc; path = FaceSucessVC.m; sourceTree = "<group>"; };
		1818E4481E750A9D003B8865 /* AccountCell.h */ = {isa = PBXFileReference; fileEncoding = 4; lastKnownFileType = sourcecode.c.h; path = AccountCell.h; sourceTree = "<group>"; };
		1818E4491E750A9D003B8865 /* AccountCell.m */ = {isa = PBXFileReference; fileEncoding = 4; lastKnownFileType = sourcecode.c.objc; path = AccountCell.m; sourceTree = "<group>"; };
		1818E44B1E751518003B8865 /* BindingMailVC.h */ = {isa = PBXFileReference; fileEncoding = 4; lastKnownFileType = sourcecode.c.h; path = BindingMailVC.h; sourceTree = "<group>"; };
		1818E44C1E751518003B8865 /* BindingMailVC.m */ = {isa = PBXFileReference; fileEncoding = 4; lastKnownFileType = sourcecode.c.objc; path = BindingMailVC.m; sourceTree = "<group>"; };
		1818E4511E753210003B8865 /* MessageDetailView.h */ = {isa = PBXFileReference; fileEncoding = 4; lastKnownFileType = sourcecode.c.h; path = MessageDetailView.h; sourceTree = "<group>"; };
		1818E4521E753210003B8865 /* MessageDetailView.m */ = {isa = PBXFileReference; fileEncoding = 4; lastKnownFileType = sourcecode.c.objc; path = MessageDetailView.m; sourceTree = "<group>"; };
		1818E4541E754FBE003B8865 /* VerifyVC.h */ = {isa = PBXFileReference; fileEncoding = 4; lastKnownFileType = sourcecode.c.h; path = VerifyVC.h; sourceTree = "<group>"; };
		1818E4551E754FBE003B8865 /* VerifyVC.m */ = {isa = PBXFileReference; fileEncoding = 4; lastKnownFileType = sourcecode.c.objc; path = VerifyVC.m; sourceTree = "<group>"; };
		1818E4571E75544C003B8865 /* VerifyTypeView.h */ = {isa = PBXFileReference; fileEncoding = 4; lastKnownFileType = sourcecode.c.h; path = VerifyTypeView.h; sourceTree = "<group>"; };
		1818E4581E75544C003B8865 /* VerifyTypeView.m */ = {isa = PBXFileReference; fileEncoding = 4; lastKnownFileType = sourcecode.c.objc; path = VerifyTypeView.m; sourceTree = "<group>"; };
		18314D911E62ABB50046A127 /* SKGraphicView.h */ = {isa = PBXFileReference; fileEncoding = 4; lastKnownFileType = sourcecode.c.h; path = SKGraphicView.h; sourceTree = "<group>"; };
		18314D921E62ABB50046A127 /* SKGraphicView.m */ = {isa = PBXFileReference; fileEncoding = 4; lastKnownFileType = sourcecode.c.objc; path = SKGraphicView.m; sourceTree = "<group>"; };
		18314D941E62ACAB0046A127 /* SignVC.h */ = {isa = PBXFileReference; fileEncoding = 4; lastKnownFileType = sourcecode.c.h; path = SignVC.h; sourceTree = "<group>"; };
		18314D951E62ACAB0046A127 /* SignVC.m */ = {isa = PBXFileReference; fileEncoding = 4; lastKnownFileType = sourcecode.c.objc; path = SignVC.m; sourceTree = "<group>"; };
		18314D971E62C0B20046A127 /* SignImageView.h */ = {isa = PBXFileReference; fileEncoding = 4; lastKnownFileType = sourcecode.c.h; path = SignImageView.h; sourceTree = "<group>"; };
		18314D981E62C0B20046A127 /* SignImageView.m */ = {isa = PBXFileReference; fileEncoding = 4; lastKnownFileType = sourcecode.c.objc; path = SignImageView.m; sourceTree = "<group>"; };
		1831BC911E575CC900AAE0E5 /* qdd.app */ = {isa = PBXFileReference; explicitFileType = wrapper.application; includeInIndex = 0; path = qdd.app; sourceTree = BUILT_PRODUCTS_DIR; };
		1831BC951E575CCA00AAE0E5 /* main.m */ = {isa = PBXFileReference; lastKnownFileType = sourcecode.c.objc; path = main.m; sourceTree = "<group>"; };
		1831BC971E575CCA00AAE0E5 /* AppDelegate.h */ = {isa = PBXFileReference; lastKnownFileType = sourcecode.c.h; path = AppDelegate.h; sourceTree = "<group>"; };
		1831BC981E575CCA00AAE0E5 /* AppDelegate.m */ = {isa = PBXFileReference; lastKnownFileType = sourcecode.c.objc; path = AppDelegate.m; sourceTree = "<group>"; };
		1831BC9E1E575CCA00AAE0E5 /* Base */ = {isa = PBXFileReference; lastKnownFileType = file.storyboard; name = Base; path = Base.lproj/Main.storyboard; sourceTree = "<group>"; };
		1831BCA01E575CCA00AAE0E5 /* Assets.xcassets */ = {isa = PBXFileReference; lastKnownFileType = folder.assetcatalog; path = Assets.xcassets; sourceTree = "<group>"; };
		1831BCA51E575CCA00AAE0E5 /* Info.plist */ = {isa = PBXFileReference; lastKnownFileType = text.plist.xml; path = Info.plist; sourceTree = "<group>"; };
		1831BCAA1E575CCA00AAE0E5 /* qddTests.xctest */ = {isa = PBXFileReference; explicitFileType = wrapper.cfbundle; includeInIndex = 0; path = qddTests.xctest; sourceTree = BUILT_PRODUCTS_DIR; };
		1831BCAE1E575CCA00AAE0E5 /* qddTests.m */ = {isa = PBXFileReference; lastKnownFileType = sourcecode.c.objc; path = qddTests.m; sourceTree = "<group>"; };
		1831BCB01E575CCA00AAE0E5 /* Info.plist */ = {isa = PBXFileReference; lastKnownFileType = text.plist.xml; path = Info.plist; sourceTree = "<group>"; };
		1831BCB51E575CCA00AAE0E5 /* qddUITests.xctest */ = {isa = PBXFileReference; explicitFileType = wrapper.cfbundle; includeInIndex = 0; path = qddUITests.xctest; sourceTree = BUILT_PRODUCTS_DIR; };
		1831BCB91E575CCA00AAE0E5 /* qddUITests.m */ = {isa = PBXFileReference; lastKnownFileType = sourcecode.c.objc; path = qddUITests.m; sourceTree = "<group>"; };
		1831BCBB1E575CCA00AAE0E5 /* Info.plist */ = {isa = PBXFileReference; lastKnownFileType = text.plist.xml; path = Info.plist; sourceTree = "<group>"; };
		1831BCC91E575E0A00AAE0E5 /* BaseVC.h */ = {isa = PBXFileReference; fileEncoding = 4; lastKnownFileType = sourcecode.c.h; path = BaseVC.h; sourceTree = "<group>"; };
		1831BCCA1E575E0A00AAE0E5 /* BaseVC.m */ = {isa = PBXFileReference; fileEncoding = 4; lastKnownFileType = sourcecode.c.objc; path = BaseVC.m; sourceTree = "<group>"; };
		1831BCCB1E575E0A00AAE0E5 /* MainVC.h */ = {isa = PBXFileReference; fileEncoding = 4; lastKnownFileType = sourcecode.c.h; path = MainVC.h; sourceTree = "<group>"; };
		1831BCCC1E575E0A00AAE0E5 /* MainVC.m */ = {isa = PBXFileReference; fileEncoding = 4; lastKnownFileType = sourcecode.c.objc; path = MainVC.m; sourceTree = "<group>"; };
		1831BCD21E575E0A00AAE0E5 /* AFNetRequest.h */ = {isa = PBXFileReference; fileEncoding = 4; lastKnownFileType = sourcecode.c.h; path = AFNetRequest.h; sourceTree = "<group>"; };
		1831BCD31E575E0A00AAE0E5 /* AFNetRequest.m */ = {isa = PBXFileReference; fileEncoding = 4; lastKnownFileType = sourcecode.c.objc; path = AFNetRequest.m; sourceTree = "<group>"; };
		1831BCD61E575E0A00AAE0E5 /* Accelerate.framework */ = {isa = PBXFileReference; lastKnownFileType = wrapper.framework; path = Accelerate.framework; sourceTree = "<group>"; };
		1831BCD71E575E0A00AAE0E5 /* CFNetwork.framework */ = {isa = PBXFileReference; lastKnownFileType = wrapper.framework; path = CFNetwork.framework; sourceTree = "<group>"; };
		1831BCD81E575E0A00AAE0E5 /* CoreGraphics.framework */ = {isa = PBXFileReference; lastKnownFileType = wrapper.framework; path = CoreGraphics.framework; sourceTree = "<group>"; };
		1831BCD91E575E0A00AAE0E5 /* Foundation.framework */ = {isa = PBXFileReference; lastKnownFileType = wrapper.framework; path = Foundation.framework; sourceTree = "<group>"; };
		1831BCDA1E575E0A00AAE0E5 /* Security.framework */ = {isa = PBXFileReference; lastKnownFileType = wrapper.framework; path = Security.framework; sourceTree = "<group>"; };
		1831BCDB1E575E0A00AAE0E5 /* SystemConfiguration.framework */ = {isa = PBXFileReference; lastKnownFileType = wrapper.framework; path = SystemConfiguration.framework; sourceTree = "<group>"; };
		1831BCDC1E575E0A00AAE0E5 /* UIKit.framework */ = {isa = PBXFileReference; lastKnownFileType = wrapper.framework; path = UIKit.framework; sourceTree = "<group>"; };
		1831BCDF1E575E0A00AAE0E5 /* AFHTTPSessionManager.h */ = {isa = PBXFileReference; fileEncoding = 4; lastKnownFileType = sourcecode.c.h; path = AFHTTPSessionManager.h; sourceTree = "<group>"; };
		1831BCE01E575E0A00AAE0E5 /* AFHTTPSessionManager.m */ = {isa = PBXFileReference; fileEncoding = 4; lastKnownFileType = sourcecode.c.objc; path = AFHTTPSessionManager.m; sourceTree = "<group>"; };
		1831BCE11E575E0A00AAE0E5 /* AFNetworking.h */ = {isa = PBXFileReference; fileEncoding = 4; lastKnownFileType = sourcecode.c.h; path = AFNetworking.h; sourceTree = "<group>"; };
		1831BCE21E575E0A00AAE0E5 /* AFNetworkReachabilityManager.h */ = {isa = PBXFileReference; fileEncoding = 4; lastKnownFileType = sourcecode.c.h; path = AFNetworkReachabilityManager.h; sourceTree = "<group>"; };
		1831BCE31E575E0A00AAE0E5 /* AFNetworkReachabilityManager.m */ = {isa = PBXFileReference; fileEncoding = 4; lastKnownFileType = sourcecode.c.objc; path = AFNetworkReachabilityManager.m; sourceTree = "<group>"; };
		1831BCE41E575E0A00AAE0E5 /* AFSecurityPolicy.h */ = {isa = PBXFileReference; fileEncoding = 4; lastKnownFileType = sourcecode.c.h; path = AFSecurityPolicy.h; sourceTree = "<group>"; };
		1831BCE51E575E0A00AAE0E5 /* AFSecurityPolicy.m */ = {isa = PBXFileReference; fileEncoding = 4; lastKnownFileType = sourcecode.c.objc; path = AFSecurityPolicy.m; sourceTree = "<group>"; };
		1831BCE61E575E0A00AAE0E5 /* AFURLRequestSerialization.h */ = {isa = PBXFileReference; fileEncoding = 4; lastKnownFileType = sourcecode.c.h; path = AFURLRequestSerialization.h; sourceTree = "<group>"; };
		1831BCE71E575E0A00AAE0E5 /* AFURLRequestSerialization.m */ = {isa = PBXFileReference; fileEncoding = 4; lastKnownFileType = sourcecode.c.objc; path = AFURLRequestSerialization.m; sourceTree = "<group>"; };
		1831BCE81E575E0A00AAE0E5 /* AFURLResponseSerialization.h */ = {isa = PBXFileReference; fileEncoding = 4; lastKnownFileType = sourcecode.c.h; path = AFURLResponseSerialization.h; sourceTree = "<group>"; };
		1831BCE91E575E0A00AAE0E5 /* AFURLResponseSerialization.m */ = {isa = PBXFileReference; fileEncoding = 4; lastKnownFileType = sourcecode.c.objc; path = AFURLResponseSerialization.m; sourceTree = "<group>"; };
		1831BCEA1E575E0A00AAE0E5 /* AFURLSessionManager.h */ = {isa = PBXFileReference; fileEncoding = 4; lastKnownFileType = sourcecode.c.h; path = AFURLSessionManager.h; sourceTree = "<group>"; };
		1831BCEB1E575E0A00AAE0E5 /* AFURLSessionManager.m */ = {isa = PBXFileReference; fileEncoding = 4; lastKnownFileType = sourcecode.c.objc; path = AFURLSessionManager.m; sourceTree = "<group>"; };
		1831BCED1E575E0A00AAE0E5 /* LICENSE */ = {isa = PBXFileReference; fileEncoding = 4; lastKnownFileType = text; path = LICENSE; sourceTree = "<group>"; };
		1831BCEE1E575E0A00AAE0E5 /* README.md */ = {isa = PBXFileReference; fileEncoding = 4; lastKnownFileType = net.daringfireball.markdown; path = README.md; sourceTree = "<group>"; };
		1831BCF01E575E0A00AAE0E5 /* RECommonFunctions.h */ = {isa = PBXFileReference; fileEncoding = 4; lastKnownFileType = sourcecode.c.h; path = RECommonFunctions.h; sourceTree = "<group>"; };
		1831BCF11E575E0A00AAE0E5 /* RECommonFunctions.m */ = {isa = PBXFileReference; fileEncoding = 4; lastKnownFileType = sourcecode.c.objc; path = RECommonFunctions.m; sourceTree = "<group>"; };
		1831BCF21E575E0A00AAE0E5 /* RESideMenu.h */ = {isa = PBXFileReference; fileEncoding = 4; lastKnownFileType = sourcecode.c.h; path = RESideMenu.h; sourceTree = "<group>"; };
		1831BCF31E575E0A00AAE0E5 /* RESideMenu.m */ = {isa = PBXFileReference; fileEncoding = 4; lastKnownFileType = sourcecode.c.objc; path = RESideMenu.m; sourceTree = "<group>"; };
		1831BCF41E575E0A00AAE0E5 /* UIViewController+RESideMenu.h */ = {isa = PBXFileReference; fileEncoding = 4; lastKnownFileType = sourcecode.c.h; path = "UIViewController+RESideMenu.h"; sourceTree = "<group>"; };
		1831BCF51E575E0A00AAE0E5 /* UIViewController+RESideMenu.m */ = {isa = PBXFileReference; fileEncoding = 4; lastKnownFileType = sourcecode.c.objc; path = "UIViewController+RESideMenu.m"; sourceTree = "<group>"; };
		184935D11E6F035200195071 /* SignCell.h */ = {isa = PBXFileReference; fileEncoding = 4; lastKnownFileType = sourcecode.c.h; path = SignCell.h; sourceTree = "<group>"; };
		184935D21E6F035200195071 /* SignCell.m */ = {isa = PBXFileReference; fileEncoding = 4; lastKnownFileType = sourcecode.c.objc; path = SignCell.m; sourceTree = "<group>"; };
		185A03101E61412B00EB9325 /* ShoppingVC.h */ = {isa = PBXFileReference; fileEncoding = 4; lastKnownFileType = sourcecode.c.h; path = ShoppingVC.h; sourceTree = "<group>"; };
		185A03111E61412B00EB9325 /* ShoppingVC.m */ = {isa = PBXFileReference; fileEncoding = 4; lastKnownFileType = sourcecode.c.objc; path = ShoppingVC.m; sourceTree = "<group>"; };
		185A03131E61415000EB9325 /* MySignVC.h */ = {isa = PBXFileReference; fileEncoding = 4; lastKnownFileType = sourcecode.c.h; path = MySignVC.h; sourceTree = "<group>"; };
		185A03141E61415000EB9325 /* MySignVC.m */ = {isa = PBXFileReference; fileEncoding = 4; lastKnownFileType = sourcecode.c.objc; path = MySignVC.m; sourceTree = "<group>"; };
		185A03161E61415E00EB9325 /* ContactVC.h */ = {isa = PBXFileReference; fileEncoding = 4; lastKnownFileType = sourcecode.c.h; path = ContactVC.h; sourceTree = "<group>"; };
		185A03171E61415E00EB9325 /* ContactVC.m */ = {isa = PBXFileReference; fileEncoding = 4; lastKnownFileType = sourcecode.c.objc; path = ContactVC.m; sourceTree = "<group>"; };
		185A03191E61416B00EB9325 /* MyOrderVC.h */ = {isa = PBXFileReference; fileEncoding = 4; lastKnownFileType = sourcecode.c.h; path = MyOrderVC.h; sourceTree = "<group>"; };
		185A031A1E61416B00EB9325 /* MyOrderVC.m */ = {isa = PBXFileReference; fileEncoding = 4; lastKnownFileType = sourcecode.c.objc; path = MyOrderVC.m; sourceTree = "<group>"; };
		185A031C1E61417900EB9325 /* SetVC.h */ = {isa = PBXFileReference; fileEncoding = 4; lastKnownFileType = sourcecode.c.h; path = SetVC.h; sourceTree = "<group>"; };
		185A031D1E61417900EB9325 /* SetVC.m */ = {isa = PBXFileReference; fileEncoding = 4; lastKnownFileType = sourcecode.c.objc; path = SetVC.m; sourceTree = "<group>"; };
		185A031F1E6165DE00EB9325 /* SetView.h */ = {isa = PBXFileReference; fileEncoding = 4; lastKnownFileType = sourcecode.c.h; path = SetView.h; sourceTree = "<group>"; };
		185A03201E6165DE00EB9325 /* SetView.m */ = {isa = PBXFileReference; fileEncoding = 4; lastKnownFileType = sourcecode.c.objc; path = SetView.m; sourceTree = "<group>"; };
		185A03231E6173C300EB9325 /* ShoppingDetailVC.h */ = {isa = PBXFileReference; fileEncoding = 4; lastKnownFileType = sourcecode.c.h; path = ShoppingDetailVC.h; sourceTree = "<group>"; };
		185A03241E6173C300EB9325 /* ShoppingDetailVC.m */ = {isa = PBXFileReference; fileEncoding = 4; lastKnownFileType = sourcecode.c.objc; path = ShoppingDetailVC.m; sourceTree = "<group>"; };
		185A032A1E618AEE00EB9325 /* PayVC.h */ = {isa = PBXFileReference; fileEncoding = 4; lastKnownFileType = sourcecode.c.h; path = PayVC.h; sourceTree = "<group>"; };
		185A032B1E618AEE00EB9325 /* PayVC.m */ = {isa = PBXFileReference; fileEncoding = 4; lastKnownFileType = sourcecode.c.objc; path = PayVC.m; sourceTree = "<group>"; };
		185A032D1E61916700EB9325 /* PayView.h */ = {isa = PBXFileReference; fileEncoding = 4; lastKnownFileType = sourcecode.c.h; path = PayView.h; sourceTree = "<group>"; };
		185A032E1E61916700EB9325 /* PayView.m */ = {isa = PBXFileReference; fileEncoding = 4; lastKnownFileType = sourcecode.c.objc; path = PayView.m; sourceTree = "<group>"; };
		18ABF8D21E73922A00022368 /* RegisteFailedVC.h */ = {isa = PBXFileReference; fileEncoding = 4; lastKnownFileType = sourcecode.c.h; path = RegisteFailedVC.h; sourceTree = "<group>"; };
		18ABF8D31E73922A00022368 /* RegisteFailedVC.m */ = {isa = PBXFileReference; fileEncoding = 4; lastKnownFileType = sourcecode.c.objc; path = RegisteFailedVC.m; sourceTree = "<group>"; };
		18ABF8D51E739C7B00022368 /* BindMailVC.h */ = {isa = PBXFileReference; fileEncoding = 4; lastKnownFileType = sourcecode.c.h; path = BindMailVC.h; sourceTree = "<group>"; };
		18ABF8D61E739C7B00022368 /* BindMailVC.m */ = {isa = PBXFileReference; fileEncoding = 4; lastKnownFileType = sourcecode.c.objc; path = BindMailVC.m; sourceTree = "<group>"; };
		18ABF8D81E73C52E00022368 /* ForgetPasswordVC.h */ = {isa = PBXFileReference; fileEncoding = 4; lastKnownFileType = sourcecode.c.h; path = ForgetPasswordVC.h; sourceTree = "<group>"; };
		18ABF8D91E73C52E00022368 /* ForgetPasswordVC.m */ = {isa = PBXFileReference; fileEncoding = 4; lastKnownFileType = sourcecode.c.objc; path = ForgetPasswordVC.m; sourceTree = "<group>"; };
		18ABF8DB1E73CBBA00022368 /* GetVerifyCodeView.h */ = {isa = PBXFileReference; fileEncoding = 4; lastKnownFileType = sourcecode.c.h; path = GetVerifyCodeView.h; sourceTree = "<group>"; };
		18ABF8DC1E73CBBA00022368 /* GetVerifyCodeView.m */ = {isa = PBXFileReference; fileEncoding = 4; lastKnownFileType = sourcecode.c.objc; path = GetVerifyCodeView.m; sourceTree = "<group>"; };
		18ABF8DE1E73D38700022368 /* SetPasswordSucessVC.h */ = {isa = PBXFileReference; fileEncoding = 4; lastKnownFileType = sourcecode.c.h; path = SetPasswordSucessVC.h; sourceTree = "<group>"; };
		18ABF8DF1E73D38700022368 /* SetPasswordSucessVC.m */ = {isa = PBXFileReference; fileEncoding = 4; lastKnownFileType = sourcecode.c.objc; path = SetPasswordSucessVC.m; sourceTree = "<group>"; };
		18ABF8E11E73D39800022368 /* SetPasswordFailedVC.h */ = {isa = PBXFileReference; fileEncoding = 4; lastKnownFileType = sourcecode.c.h; path = SetPasswordFailedVC.h; sourceTree = "<group>"; };
		18ABF8E21E73D39800022368 /* SetPasswordFailedVC.m */ = {isa = PBXFileReference; fileEncoding = 4; lastKnownFileType = sourcecode.c.objc; path = SetPasswordFailedVC.m; sourceTree = "<group>"; };
		18ABF8E41E73D9B900022368 /* ResetPasswordVC.h */ = {isa = PBXFileReference; fileEncoding = 4; lastKnownFileType = sourcecode.c.h; path = ResetPasswordVC.h; sourceTree = "<group>"; };
		18ABF8E51E73D9B900022368 /* ResetPasswordVC.m */ = {isa = PBXFileReference; fileEncoding = 4; lastKnownFileType = sourcecode.c.objc; path = ResetPasswordVC.m; sourceTree = "<group>"; };
		18ABF8E71E73FE2700022368 /* CommentVC.h */ = {isa = PBXFileReference; fileEncoding = 4; lastKnownFileType = sourcecode.c.h; path = CommentVC.h; sourceTree = "<group>"; };
		18ABF8E81E73FE2700022368 /* CommentVC.m */ = {isa = PBXFileReference; fileEncoding = 4; lastKnownFileType = sourcecode.c.objc; path = CommentVC.m; sourceTree = "<group>"; };
		18D9380C1E704836000EC118 /* LoginVC.h */ = {isa = PBXFileReference; fileEncoding = 4; lastKnownFileType = sourcecode.c.h; path = LoginVC.h; sourceTree = "<group>"; };
		18D9380D1E704836000EC118 /* LoginVC.m */ = {isa = PBXFileReference; fileEncoding = 4; lastKnownFileType = sourcecode.c.objc; path = LoginVC.m; sourceTree = "<group>"; };
		18D9380F1E705EF0000EC118 /* RegisteVC.h */ = {isa = PBXFileReference; fileEncoding = 4; lastKnownFileType = sourcecode.c.h; path = RegisteVC.h; sourceTree = "<group>"; };
		18D938101E705EF0000EC118 /* RegisteVC.m */ = {isa = PBXFileReference; fileEncoding = 4; lastKnownFileType = sourcecode.c.objc; path = RegisteVC.m; sourceTree = "<group>"; };
		18DC3A571E596C2200151834 /* LeftVC.h */ = {isa = PBXFileReference; fileEncoding = 4; lastKnownFileType = sourcecode.c.h; path = LeftVC.h; sourceTree = "<group>"; };
		18DC3A581E596C2200151834 /* LeftVC.m */ = {isa = PBXFileReference; fileEncoding = 4; lastKnownFileType = sourcecode.c.objc; path = LeftVC.m; sourceTree = "<group>"; };
		18DC3A5A1E596C4500151834 /* RightVC.h */ = {isa = PBXFileReference; fileEncoding = 4; lastKnownFileType = sourcecode.c.h; path = RightVC.h; sourceTree = "<group>"; };
		18DC3A5B1E596C4500151834 /* RightVC.m */ = {isa = PBXFileReference; fileEncoding = 4; lastKnownFileType = sourcecode.c.objc; path = RightVC.m; sourceTree = "<group>"; };
		18DC3A611E5971AC00151834 /* Macro.h */ = {isa = PBXFileReference; lastKnownFileType = sourcecode.c.h; path = Macro.h; sourceTree = "<group>"; };
		18DC3A681E598D7400151834 /* MessageCell.h */ = {isa = PBXFileReference; fileEncoding = 4; lastKnownFileType = sourcecode.c.h; path = MessageCell.h; sourceTree = "<group>"; };
		18DC3A691E598D7400151834 /* MessageCell.m */ = {isa = PBXFileReference; fileEncoding = 4; lastKnownFileType = sourcecode.c.objc; path = MessageCell.m; sourceTree = "<group>"; };
		18EF03411E5C80CC00A2093E /* MessageDetailVC.h */ = {isa = PBXFileReference; fileEncoding = 4; lastKnownFileType = sourcecode.c.h; path = MessageDetailVC.h; sourceTree = "<group>"; };
		18EF03421E5C80CC00A2093E /* MessageDetailVC.m */ = {isa = PBXFileReference; fileEncoding = 4; lastKnownFileType = sourcecode.c.objc; path = MessageDetailVC.m; sourceTree = "<group>"; };
		18F493F71E6BB0C80033AC03 /* OrderCell.h */ = {isa = PBXFileReference; fileEncoding = 4; lastKnownFileType = sourcecode.c.h; path = OrderCell.h; sourceTree = "<group>"; };
		18F493F81E6BB0C80033AC03 /* OrderCell.m */ = {isa = PBXFileReference; fileEncoding = 4; lastKnownFileType = sourcecode.c.objc; path = OrderCell.m; sourceTree = "<group>"; };
		18F493FF1E6BD2B50033AC03 /* NSString+PinYin.h */ = {isa = PBXFileReference; fileEncoding = 4; lastKnownFileType = sourcecode.c.h; path = "NSString+PinYin.h"; sourceTree = "<group>"; };
		18F494001E6BD2B50033AC03 /* NSString+PinYin.m */ = {isa = PBXFileReference; fileEncoding = 4; lastKnownFileType = sourcecode.c.objc; path = "NSString+PinYin.m"; sourceTree = "<group>"; };
		18F494021E6BDF100033AC03 /* AddContactVC.h */ = {isa = PBXFileReference; fileEncoding = 4; lastKnownFileType = sourcecode.c.h; path = AddContactVC.h; sourceTree = "<group>"; };
		18F494031E6BDF100033AC03 /* AddContactVC.m */ = {isa = PBXFileReference; fileEncoding = 4; lastKnownFileType = sourcecode.c.objc; path = AddContactVC.m; sourceTree = "<group>"; };
		18F494051E6BE9120033AC03 /* AddContactView.h */ = {isa = PBXFileReference; fileEncoding = 4; lastKnownFileType = sourcecode.c.h; path = AddContactView.h; sourceTree = "<group>"; };
		18F494061E6BE9120033AC03 /* AddContactView.m */ = {isa = PBXFileReference; fileEncoding = 4; lastKnownFileType = sourcecode.c.objc; path = AddContactView.m; sourceTree = "<group>"; };
		18F4940B1E6BFFDA0033AC03 /* AboutVC.h */ = {isa = PBXFileReference; fileEncoding = 4; lastKnownFileType = sourcecode.c.h; path = AboutVC.h; sourceTree = "<group>"; };
		18F4940C1E6BFFDA0033AC03 /* AboutVC.m */ = {isa = PBXFileReference; fileEncoding = 4; lastKnownFileType = sourcecode.c.objc; path = AboutVC.m; sourceTree = "<group>"; };
		18F4940E1E6C06060033AC03 /* HelpVC.h */ = {isa = PBXFileReference; fileEncoding = 4; lastKnownFileType = sourcecode.c.h; path = HelpVC.h; sourceTree = "<group>"; };
		18F4940F1E6C06060033AC03 /* HelpVC.m */ = {isa = PBXFileReference; fileEncoding = 4; lastKnownFileType = sourcecode.c.objc; path = HelpVC.m; sourceTree = "<group>"; };
		18F494111E6C086C0033AC03 /* UILabel+Adjust.h */ = {isa = PBXFileReference; fileEncoding = 4; lastKnownFileType = sourcecode.c.h; path = "UILabel+Adjust.h"; sourceTree = "<group>"; };
		18F494121E6C086C0033AC03 /* UILabel+Adjust.m */ = {isa = PBXFileReference; fileEncoding = 4; lastKnownFileType = sourcecode.c.objc; path = "UILabel+Adjust.m"; sourceTree = "<group>"; };
		18F494141E6C14310033AC03 /* SecurityVC.h */ = {isa = PBXFileReference; fileEncoding = 4; lastKnownFileType = sourcecode.c.h; path = SecurityVC.h; sourceTree = "<group>"; };
		18F494151E6C14310033AC03 /* SecurityVC.m */ = {isa = PBXFileReference; fileEncoding = 4; lastKnownFileType = sourcecode.c.objc; path = SecurityVC.m; sourceTree = "<group>"; };
		18F494171E6C16BB0033AC03 /* SetPasswordVC.h */ = {isa = PBXFileReference; fileEncoding = 4; lastKnownFileType = sourcecode.c.h; path = SetPasswordVC.h; sourceTree = "<group>"; };
		18F494181E6C16BB0033AC03 /* SetPasswordVC.m */ = {isa = PBXFileReference; fileEncoding = 4; lastKnownFileType = sourcecode.c.objc; path = SetPasswordVC.m; sourceTree = "<group>"; };
		18F4941A1E6C1B9D0033AC03 /* PasswordView.h */ = {isa = PBXFileReference; fileEncoding = 4; lastKnownFileType = sourcecode.c.h; path = PasswordView.h; sourceTree = "<group>"; };
		18F4941B1E6C1B9D0033AC03 /* PasswordView.m */ = {isa = PBXFileReference; fileEncoding = 4; lastKnownFileType = sourcecode.c.objc; path = PasswordView.m; sourceTree = "<group>"; };
		18F4941D1E6C2BB70033AC03 /* UserAccountVC.h */ = {isa = PBXFileReference; fileEncoding = 4; lastKnownFileType = sourcecode.c.h; path = UserAccountVC.h; sourceTree = "<group>"; };
		18F4941E1E6C2BB70033AC03 /* UserAccountVC.m */ = {isa = PBXFileReference; fileEncoding = 4; lastKnownFileType = sourcecode.c.objc; path = UserAccountVC.m; sourceTree = "<group>"; };
		18FD19C01E718DA600AA54CF /* RegisteCell.h */ = {isa = PBXFileReference; fileEncoding = 4; lastKnownFileType = sourcecode.c.h; path = RegisteCell.h; sourceTree = "<group>"; };
		18FD19C11E718DA600AA54CF /* RegisteCell.m */ = {isa = PBXFileReference; fileEncoding = 4; lastKnownFileType = sourcecode.c.objc; path = RegisteCell.m; sourceTree = "<group>"; };
		18FD19C31E71B5CF00AA54CF /* RegisteSucessVC.h */ = {isa = PBXFileReference; fileEncoding = 4; lastKnownFileType = sourcecode.c.h; path = RegisteSucessVC.h; sourceTree = "<group>"; };
		18FD19C41E71B5CF00AA54CF /* RegisteSucessVC.m */ = {isa = PBXFileReference; fileEncoding = 4; lastKnownFileType = sourcecode.c.objc; path = RegisteSucessVC.m; sourceTree = "<group>"; };
/* End PBXFileReference section */

/* Begin PBXFrameworksBuildPhase section */
		1831BC8E1E575CC900AAE0E5 /* Frameworks */ = {
			isa = PBXFrameworksBuildPhase;
			buildActionMask = 2147483647;
			files = (
				180F11D31E759B620082F385 /* AddressBook.framework in Frameworks */,
				180F11E11E759B620082F385 /* UIKit.framework in Frameworks */,
				1831BCFE1E575E0A00AAE0E5 /* CoreGraphics.framework in Frameworks */,
				180F11DE1E759B620082F385 /* QuartzCore.framework in Frameworks */,
				180F11DC1E759B620082F385 /* libc++.1.tbd in Frameworks */,
				180F11DA1E759B620082F385 /* Foundation.framework in Frameworks */,
				1831BD001E575E0A00AAE0E5 /* Security.framework in Frameworks */,
				180F11D41E759B620082F385 /* AudioToolbox.framework in Frameworks */,
				180F11D91E759B620082F385 /* CoreTelephony.framework in Frameworks */,
				180F11DB1E759B620082F385 /* iflyMSC.framework in Frameworks */,
				180F11E01E759B620082F385 /* SystemConfiguration.framework in Frameworks */,
				1831BCFD1E575E0A00AAE0E5 /* CFNetwork.framework in Frameworks */,
				180F11DD1E759B620082F385 /* libz.tbd in Frameworks */,
				180F11D61E759B620082F385 /* CFNetwork.framework in Frameworks */,
				180F11D81E759B620082F385 /* CoreLocation.framework in Frameworks */,
				1831BCFC1E575E0A00AAE0E5 /* Accelerate.framework in Frameworks */,
				180F11DF1E759B620082F385 /* Security.framework in Frameworks */,
				180F11871E7590090082F385 /* iflyMSC.framework in Frameworks */,
				1831BD011E575E0A00AAE0E5 /* SystemConfiguration.framework in Frameworks */,
				180F11D51E759B620082F385 /* AVFoundation.framework in Frameworks */,
				180F11D71E759B620082F385 /* CoreGraphics.framework in Frameworks */,
				180F11D21E759B620082F385 /* Accelerate.framework in Frameworks */,
				1831BD021E575E0A00AAE0E5 /* UIKit.framework in Frameworks */,
				1831BCFF1E575E0A00AAE0E5 /* Foundation.framework in Frameworks */,
			);
			runOnlyForDeploymentPostprocessing = 0;
		};
		1831BCA71E575CCA00AAE0E5 /* Frameworks */ = {
			isa = PBXFrameworksBuildPhase;
			buildActionMask = 2147483647;
			files = (
			);
			runOnlyForDeploymentPostprocessing = 0;
		};
		1831BCB21E575CCA00AAE0E5 /* Frameworks */ = {
			isa = PBXFrameworksBuildPhase;
			buildActionMask = 2147483647;
			files = (
			);
			runOnlyForDeploymentPostprocessing = 0;
		};
/* End PBXFrameworksBuildPhase section */

/* Begin PBXGroup section */
		180F11881E75907C0082F385 /* FaceRecognition */ = {
			isa = PBXGroup;
			children = (
				180F11891E75907C0082F385 /* FaceDetector */,
				180F118C1E75907C0082F385 /* Tools */,
			);
			path = FaceRecognition;
			sourceTree = "<group>";
		};
		180F11891E75907C0082F385 /* FaceDetector */ = {
			isa = PBXGroup;
			children = (
				180F118A1E75907C0082F385 /* FaceStreamDetectorViewController.h */,
				180F118B1E75907C0082F385 /* FaceStreamDetectorViewController.m */,
			);
			path = FaceDetector;
			sourceTree = "<group>";
		};
		180F118C1E75907C0082F385 /* Tools */ = {
			isa = PBXGroup;
			children = (
				180F118D1E75907C0082F385 /* CanvasView */,
				180F11901E75907C0082F385 /* Capture */,
				180F11931E75907C0082F385 /* DemoPreDefine.h */,
				180F11941E75907C0082F385 /* Image */,
				180F119D1E75907C0082F385 /* Permission */,
				180F11A01E75907C0082F385 /* Result */,
			);
			path = Tools;
			sourceTree = "<group>";
		};
		180F118D1E75907C0082F385 /* CanvasView */ = {
			isa = PBXGroup;
			children = (
				180F118E1E75907C0082F385 /* CanvasView.h */,
				180F118F1E75907C0082F385 /* CanvasView.m */,
			);
			path = CanvasView;
			sourceTree = "<group>";
		};
		180F11901E75907C0082F385 /* Capture */ = {
			isa = PBXGroup;
			children = (
				180F11911E75907C0082F385 /* CaptureManager.h */,
				180F11921E75907C0082F385 /* CaptureManager.m */,
			);
			path = Capture;
			sourceTree = "<group>";
		};
		180F11941E75907C0082F385 /* Image */ = {
			isa = PBXGroup;
			children = (
				180F11951E75907C0082F385 /* CalculatorTools.h */,
				180F11961E75907C0082F385 /* CalculatorTools.m */,
				180F11971E75907C0082F385 /* IFlyFaceImage.h */,
				180F11981E75907C0082F385 /* IFlyFaceImage.m */,
				180F11991E75907C0082F385 /* UIImage+compress.h */,
				180F119A1E75907C0082F385 /* UIImage+compress.m */,
				180F119B1E75907C0082F385 /* UIImage+Extensions.h */,
				180F119C1E75907C0082F385 /* UIImage+Extensions.m */,
			);
			path = Image;
			sourceTree = "<group>";
		};
		180F119D1E75907C0082F385 /* Permission */ = {
			isa = PBXGroup;
			children = (
				180F119E1E75907C0082F385 /* PermissionDetector.h */,
				180F119F1E75907C0082F385 /* PermissionDetector.m */,
			);
			path = Permission;
			sourceTree = "<group>";
		};
		180F11A01E75907C0082F385 /* Result */ = {
			isa = PBXGroup;
			children = (
				180F11A11E75907C0082F385 /* IFlyFaceResultKeys.h */,
				180F11A21E75907C0082F385 /* IFlyFaceResultKeys.m */,
			);
			path = Result;
			sourceTree = "<group>";
		};
		18314D901E62ABB50046A127 /* DrawingSign */ = {
			isa = PBXGroup;
			children = (
				18314D911E62ABB50046A127 /* SKGraphicView.h */,
				18314D921E62ABB50046A127 /* SKGraphicView.m */,
			);
			path = DrawingSign;
			sourceTree = "<group>";
		};
		1831BC881E575CC900AAE0E5 = {
			isa = PBXGroup;
			children = (
				1831BC931E575CCA00AAE0E5 /* qdd */,
				1831BCAD1E575CCA00AAE0E5 /* qddTests */,
				1831BCB81E575CCA00AAE0E5 /* qddUITests */,
				1831BC921E575CC900AAE0E5 /* Products */,
			);
			sourceTree = "<group>";
		};
		1831BC921E575CC900AAE0E5 /* Products */ = {
			isa = PBXGroup;
			children = (
				1831BC911E575CC900AAE0E5 /* qdd.app */,
				1831BCAA1E575CCA00AAE0E5 /* qddTests.xctest */,
				1831BCB51E575CCA00AAE0E5 /* qddUITests.xctest */,
			);
			name = Products;
			sourceTree = "<group>";
		};
		1831BC931E575CCA00AAE0E5 /* qdd */ = {
			isa = PBXGroup;
			children = (
				180F11B51E75972A0082F385 /* PrefixHeader.pch */,
				180F11AC1E7593090082F385 /* ViewController.h */,
				180F11AD1E7593090082F385 /* ViewController.mm */,
				18DC3A5F1E59707900151834 /* util */,
				1831BCC71E575E0A00AAE0E5 /* category */,
				1831BCC81E575E0A00AAE0E5 /* controller */,
				1831BCD11E575E0A00AAE0E5 /* http */,
				1831BCD41E575E0A00AAE0E5 /* protocol */,
				1831BCD51E575E0A00AAE0E5 /* sdk */,
				1831BCDD1E575E0A00AAE0E5 /* thirdLib */,
				1831BCF61E575E0A00AAE0E5 /* view */,
				1831BC971E575CCA00AAE0E5 /* AppDelegate.h */,
				1831BC981E575CCA00AAE0E5 /* AppDelegate.m */,
				1831BC9D1E575CCA00AAE0E5 /* Main.storyboard */,
				1831BCA01E575CCA00AAE0E5 /* Assets.xcassets */,
				1831BCA51E575CCA00AAE0E5 /* Info.plist */,
				1831BC941E575CCA00AAE0E5 /* Supporting Files */,
			);
			path = qdd;
			sourceTree = "<group>";
		};
		1831BC941E575CCA00AAE0E5 /* Supporting Files */ = {
			isa = PBXGroup;
			children = (
				1831BC951E575CCA00AAE0E5 /* main.m */,
			);
			name = "Supporting Files";
			sourceTree = "<group>";
		};
		1831BCAD1E575CCA00AAE0E5 /* qddTests */ = {
			isa = PBXGroup;
			children = (
				1831BCAE1E575CCA00AAE0E5 /* qddTests.m */,
				1831BCB01E575CCA00AAE0E5 /* Info.plist */,
			);
			path = qddTests;
			sourceTree = "<group>";
		};
		1831BCB81E575CCA00AAE0E5 /* qddUITests */ = {
			isa = PBXGroup;
			children = (
				1831BCB91E575CCA00AAE0E5 /* qddUITests.m */,
				1831BCBB1E575CCA00AAE0E5 /* Info.plist */,
			);
			path = qddUITests;
			sourceTree = "<group>";
		};
		1831BCC71E575E0A00AAE0E5 /* category */ = {
			isa = PBXGroup;
			children = (
				18F493FF1E6BD2B50033AC03 /* NSString+PinYin.h */,
				18F494001E6BD2B50033AC03 /* NSString+PinYin.m */,
				18F494111E6C086C0033AC03 /* UILabel+Adjust.h */,
				18F494121E6C086C0033AC03 /* UILabel+Adjust.m */,
			);
			path = category;
			sourceTree = "<group>";
		};
		1831BCC81E575E0A00AAE0E5 /* controller */ = {
			isa = PBXGroup;
			children = (
				185A03261E618A7800EB9325 /* four */,
				185A03221E6173A300EB9325 /* three */,
				185A030F1E6140E900EB9325 /* second */,
				1831BCC91E575E0A00AAE0E5 /* BaseVC.h */,
				1831BCCA1E575E0A00AAE0E5 /* BaseVC.m */,
				1831BCCB1E575E0A00AAE0E5 /* MainVC.h */,
				1831BCCC1E575E0A00AAE0E5 /* MainVC.m */,
				18DC3A571E596C2200151834 /* LeftVC.h */,
				18DC3A581E596C2200151834 /* LeftVC.m */,
				18DC3A5A1E596C4500151834 /* RightVC.h */,
				18DC3A5B1E596C4500151834 /* RightVC.m */,
				18EF03411E5C80CC00A2093E /* MessageDetailVC.h */,
				18EF03421E5C80CC00A2093E /* MessageDetailVC.m */,
				18D9380C1E704836000EC118 /* LoginVC.h */,
				18D9380D1E704836000EC118 /* LoginVC.m */,
			);
			path = controller;
			sourceTree = "<group>";
		};
		1831BCD11E575E0A00AAE0E5 /* http */ = {
			isa = PBXGroup;
			children = (
				1831BCD21E575E0A00AAE0E5 /* AFNetRequest.h */,
				1831BCD31E575E0A00AAE0E5 /* AFNetRequest.m */,
			);
			path = http;
			sourceTree = "<group>";
		};
		1831BCD41E575E0A00AAE0E5 /* protocol */ = {
			isa = PBXGroup;
			children = (
			);
			path = protocol;
			sourceTree = "<group>";
		};
		1831BCD51E575E0A00AAE0E5 /* sdk */ = {
			isa = PBXGroup;
			children = (
				180F11C21E759B620082F385 /* Accelerate.framework */,
				180F11C31E759B620082F385 /* AddressBook.framework */,
				180F11C41E759B620082F385 /* AudioToolbox.framework */,
				180F11C51E759B620082F385 /* AVFoundation.framework */,
				180F11C61E759B620082F385 /* CFNetwork.framework */,
				180F11C71E759B620082F385 /* CoreGraphics.framework */,
				180F11C81E759B620082F385 /* CoreLocation.framework */,
				180F11C91E759B620082F385 /* CoreTelephony.framework */,
				180F11CA1E759B620082F385 /* Foundation.framework */,
				180F11CB1E759B620082F385 /* iflyMSC.framework */,
				180F11CC1E759B620082F385 /* libc++.1.tbd */,
				180F11CD1E759B620082F385 /* libz.tbd */,
				180F11CE1E759B620082F385 /* QuartzCore.framework */,
				180F11CF1E759B620082F385 /* Security.framework */,
				180F11D01E759B620082F385 /* SystemConfiguration.framework */,
				180F11D11E759B620082F385 /* UIKit.framework */,
				180F11861E7590090082F385 /* iflyMSC.framework */,
				1831BCD61E575E0A00AAE0E5 /* Accelerate.framework */,
				1831BCD71E575E0A00AAE0E5 /* CFNetwork.framework */,
				1831BCD81E575E0A00AAE0E5 /* CoreGraphics.framework */,
				1831BCD91E575E0A00AAE0E5 /* Foundation.framework */,
				1831BCDA1E575E0A00AAE0E5 /* Security.framework */,
				1831BCDB1E575E0A00AAE0E5 /* SystemConfiguration.framework */,
				1831BCDC1E575E0A00AAE0E5 /* UIKit.framework */,
			);
			path = sdk;
			sourceTree = "<group>";
		};
		1831BCDD1E575E0A00AAE0E5 /* thirdLib */ = {
			isa = PBXGroup;
			children = (
				180F11881E75907C0082F385 /* FaceRecognition */,
				18314D901E62ABB50046A127 /* DrawingSign */,
				1831BCDE1E575E0A00AAE0E5 /* AFNetworking */,
				1831BCEC1E575E0A00AAE0E5 /* RESideMenu */,
			);
			path = thirdLib;
			sourceTree = "<group>";
		};
		1831BCDE1E575E0A00AAE0E5 /* AFNetworking */ = {
			isa = PBXGroup;
			children = (
				1831BCDF1E575E0A00AAE0E5 /* AFHTTPSessionManager.h */,
				1831BCE01E575E0A00AAE0E5 /* AFHTTPSessionManager.m */,
				1831BCE11E575E0A00AAE0E5 /* AFNetworking.h */,
				1831BCE21E575E0A00AAE0E5 /* AFNetworkReachabilityManager.h */,
				1831BCE31E575E0A00AAE0E5 /* AFNetworkReachabilityManager.m */,
				1831BCE41E575E0A00AAE0E5 /* AFSecurityPolicy.h */,
				1831BCE51E575E0A00AAE0E5 /* AFSecurityPolicy.m */,
				1831BCE61E575E0A00AAE0E5 /* AFURLRequestSerialization.h */,
				1831BCE71E575E0A00AAE0E5 /* AFURLRequestSerialization.m */,
				1831BCE81E575E0A00AAE0E5 /* AFURLResponseSerialization.h */,
				1831BCE91E575E0A00AAE0E5 /* AFURLResponseSerialization.m */,
				1831BCEA1E575E0A00AAE0E5 /* AFURLSessionManager.h */,
				1831BCEB1E575E0A00AAE0E5 /* AFURLSessionManager.m */,
			);
			path = AFNetworking;
			sourceTree = "<group>";
		};
		1831BCEC1E575E0A00AAE0E5 /* RESideMenu */ = {
			isa = PBXGroup;
			children = (
				1831BCED1E575E0A00AAE0E5 /* LICENSE */,
				1831BCEE1E575E0A00AAE0E5 /* README.md */,
				1831BCEF1E575E0A00AAE0E5 /* RESideMenu */,
			);
			path = RESideMenu;
			sourceTree = "<group>";
		};
		1831BCEF1E575E0A00AAE0E5 /* RESideMenu */ = {
			isa = PBXGroup;
			children = (
				1831BCF01E575E0A00AAE0E5 /* RECommonFunctions.h */,
				1831BCF11E575E0A00AAE0E5 /* RECommonFunctions.m */,
				1831BCF21E575E0A00AAE0E5 /* RESideMenu.h */,
				1831BCF31E575E0A00AAE0E5 /* RESideMenu.m */,
				1831BCF41E575E0A00AAE0E5 /* UIViewController+RESideMenu.h */,
				1831BCF51E575E0A00AAE0E5 /* UIViewController+RESideMenu.m */,
			);
			path = RESideMenu;
			sourceTree = "<group>";
		};
		1831BCF61E575E0A00AAE0E5 /* view */ = {
			isa = PBXGroup;
			children = (
				18DC3A681E598D7400151834 /* MessageCell.h */,
				18DC3A691E598D7400151834 /* MessageCell.m */,
				185A031F1E6165DE00EB9325 /* SetView.h */,
				185A03201E6165DE00EB9325 /* SetView.m */,
				185A032D1E61916700EB9325 /* PayView.h */,
				185A032E1E61916700EB9325 /* PayView.m */,
				18314D971E62C0B20046A127 /* SignImageView.h */,
				18314D981E62C0B20046A127 /* SignImageView.m */,
				18F493F71E6BB0C80033AC03 /* OrderCell.h */,
				18F493F81E6BB0C80033AC03 /* OrderCell.m */,
				18F494051E6BE9120033AC03 /* AddContactView.h */,
				18F494061E6BE9120033AC03 /* AddContactView.m */,
				18F4941A1E6C1B9D0033AC03 /* PasswordView.h */,
				18F4941B1E6C1B9D0033AC03 /* PasswordView.m */,
				184935D11E6F035200195071 /* SignCell.h */,
				184935D21E6F035200195071 /* SignCell.m */,
				18FD19C01E718DA600AA54CF /* RegisteCell.h */,
				18FD19C11E718DA600AA54CF /* RegisteCell.m */,
				18ABF8DB1E73CBBA00022368 /* GetVerifyCodeView.h */,
				18ABF8DC1E73CBBA00022368 /* GetVerifyCodeView.m */,
				1818E4481E750A9D003B8865 /* AccountCell.h */,
				1818E4491E750A9D003B8865 /* AccountCell.m */,
				1818E4511E753210003B8865 /* MessageDetailView.h */,
				1818E4521E753210003B8865 /* MessageDetailView.m */,
				1818E4571E75544C003B8865 /* VerifyTypeView.h */,
				1818E4581E75544C003B8865 /* VerifyTypeView.m */,
			);
			path = view;
			sourceTree = "<group>";
		};
		185A030F1E6140E900EB9325 /* second */ = {
			isa = PBXGroup;
			children = (
				185A03101E61412B00EB9325 /* ShoppingVC.h */,
				185A03111E61412B00EB9325 /* ShoppingVC.m */,
				185A03131E61415000EB9325 /* MySignVC.h */,
				185A03141E61415000EB9325 /* MySignVC.m */,
				185A03161E61415E00EB9325 /* ContactVC.h */,
				185A03171E61415E00EB9325 /* ContactVC.m */,
				185A03191E61416B00EB9325 /* MyOrderVC.h */,
				185A031A1E61416B00EB9325 /* MyOrderVC.m */,
				185A031C1E61417900EB9325 /* SetVC.h */,
				185A031D1E61417900EB9325 /* SetVC.m */,
				18D9380F1E705EF0000EC118 /* RegisteVC.h */,
				18D938101E705EF0000EC118 /* RegisteVC.m */,
				1818E4541E754FBE003B8865 /* VerifyVC.h */,
				1818E4551E754FBE003B8865 /* VerifyVC.m */,
			);
			name = second;
			sourceTree = "<group>";
		};
		185A03221E6173A300EB9325 /* three */ = {
			isa = PBXGroup;
			children = (
				185A03231E6173C300EB9325 /* ShoppingDetailVC.h */,
				185A03241E6173C300EB9325 /* ShoppingDetailVC.m */,
				18314D941E62ACAB0046A127 /* SignVC.h */,
				18314D951E62ACAB0046A127 /* SignVC.m */,
				18F494021E6BDF100033AC03 /* AddContactVC.h */,
				18F494031E6BDF100033AC03 /* AddContactVC.m */,
				18F4940B1E6BFFDA0033AC03 /* AboutVC.h */,
				18F4940C1E6BFFDA0033AC03 /* AboutVC.m */,
				18F494141E6C14310033AC03 /* SecurityVC.h */,
				18F494151E6C14310033AC03 /* SecurityVC.m */,
				18F4941D1E6C2BB70033AC03 /* UserAccountVC.h */,
				18F4941E1E6C2BB70033AC03 /* UserAccountVC.m */,
				18FD19C31E71B5CF00AA54CF /* RegisteSucessVC.h */,
				18FD19C41E71B5CF00AA54CF /* RegisteSucessVC.m */,
				18ABF8D21E73922A00022368 /* RegisteFailedVC.h */,
				18ABF8D31E73922A00022368 /* RegisteFailedVC.m */,
				18ABF8D51E739C7B00022368 /* BindMailVC.h */,
				18ABF8D61E739C7B00022368 /* BindMailVC.m */,
				18ABF8D81E73C52E00022368 /* ForgetPasswordVC.h */,
				18ABF8D91E73C52E00022368 /* ForgetPasswordVC.m */,
				180F11831E757DD40082F385 /* PhotoVC.h */,
				180F11841E757DD40082F385 /* PhotoVC.m */,
				180F11E21E75B4490082F385 /* FaceDetectVC.h */,
				180F11E31E75B4490082F385 /* FaceDetectVC.m */,
			);
			name = three;
			sourceTree = "<group>";
		};
		185A03261E618A7800EB9325 /* four */ = {
			isa = PBXGroup;
			children = (
				185A032A1E618AEE00EB9325 /* PayVC.h */,
				185A032B1E618AEE00EB9325 /* PayVC.m */,
				18F4940E1E6C06060033AC03 /* HelpVC.h */,
				18F4940F1E6C06060033AC03 /* HelpVC.m */,
				18F494171E6C16BB0033AC03 /* SetPasswordVC.h */,
				18F494181E6C16BB0033AC03 /* SetPasswordVC.m */,
				18ABF8DE1E73D38700022368 /* SetPasswordSucessVC.h */,
				18ABF8DF1E73D38700022368 /* SetPasswordSucessVC.m */,
				18ABF8E11E73D39800022368 /* SetPasswordFailedVC.h */,
				18ABF8E21E73D39800022368 /* SetPasswordFailedVC.m */,
				18ABF8E41E73D9B900022368 /* ResetPasswordVC.h */,
				18ABF8E51E73D9B900022368 /* ResetPasswordVC.m */,
				18ABF8E71E73FE2700022368 /* CommentVC.h */,
				18ABF8E81E73FE2700022368 /* CommentVC.m */,
				1818E44B1E751518003B8865 /* BindingMailVC.h */,
				1818E44C1E751518003B8865 /* BindingMailVC.m */,
				180F11E51E75B9B40082F385 /* FaceSucessVC.h */,
				180F11E61E75B9B40082F385 /* FaceSucessVC.m */,
			);
			name = four;
			sourceTree = "<group>";
		};
		18DC3A5F1E59707900151834 /* util */ = {
			isa = PBXGroup;
			children = (
				18DC3A611E5971AC00151834 /* Macro.h */,
			);
			path = util;
			sourceTree = "<group>";
		};
/* End PBXGroup section */

/* Begin PBXNativeTarget section */
		1831BC901E575CC900AAE0E5 /* qdd */ = {
			isa = PBXNativeTarget;
			buildConfigurationList = 1831BCBE1E575CCA00AAE0E5 /* Build configuration list for PBXNativeTarget "qdd" */;
			buildPhases = (
				1831BC8D1E575CC900AAE0E5 /* Sources */,
				1831BC8E1E575CC900AAE0E5 /* Frameworks */,
				1831BC8F1E575CC900AAE0E5 /* Resources */,
			);
			buildRules = (
			);
			dependencies = (
			);
			name = qdd;
			productName = qdd;
			productReference = 1831BC911E575CC900AAE0E5 /* qdd.app */;
			productType = "com.apple.product-type.application";
		};
		1831BCA91E575CCA00AAE0E5 /* qddTests */ = {
			isa = PBXNativeTarget;
			buildConfigurationList = 1831BCC11E575CCA00AAE0E5 /* Build configuration list for PBXNativeTarget "qddTests" */;
			buildPhases = (
				1831BCA61E575CCA00AAE0E5 /* Sources */,
				1831BCA71E575CCA00AAE0E5 /* Frameworks */,
				1831BCA81E575CCA00AAE0E5 /* Resources */,
			);
			buildRules = (
			);
			dependencies = (
				1831BCAC1E575CCA00AAE0E5 /* PBXTargetDependency */,
			);
			name = qddTests;
			productName = qddTests;
			productReference = 1831BCAA1E575CCA00AAE0E5 /* qddTests.xctest */;
			productType = "com.apple.product-type.bundle.unit-test";
		};
		1831BCB41E575CCA00AAE0E5 /* qddUITests */ = {
			isa = PBXNativeTarget;
			buildConfigurationList = 1831BCC41E575CCA00AAE0E5 /* Build configuration list for PBXNativeTarget "qddUITests" */;
			buildPhases = (
				1831BCB11E575CCA00AAE0E5 /* Sources */,
				1831BCB21E575CCA00AAE0E5 /* Frameworks */,
				1831BCB31E575CCA00AAE0E5 /* Resources */,
			);
			buildRules = (
			);
			dependencies = (
				1831BCB71E575CCA00AAE0E5 /* PBXTargetDependency */,
			);
			name = qddUITests;
			productName = qddUITests;
			productReference = 1831BCB51E575CCA00AAE0E5 /* qddUITests.xctest */;
			productType = "com.apple.product-type.bundle.ui-testing";
		};
/* End PBXNativeTarget section */

/* Begin PBXProject section */
		1831BC891E575CC900AAE0E5 /* Project object */ = {
			isa = PBXProject;
			attributes = {
				LastUpgradeCheck = 0730;
				ORGANIZATIONNAME = "Samposn Chen";
				TargetAttributes = {
					1831BC901E575CC900AAE0E5 = {
						CreatedOnToolsVersion = 7.3.1;
					};
					1831BCA91E575CCA00AAE0E5 = {
						CreatedOnToolsVersion = 7.3.1;
						TestTargetID = 1831BC901E575CC900AAE0E5;
					};
					1831BCB41E575CCA00AAE0E5 = {
						CreatedOnToolsVersion = 7.3.1;
						TestTargetID = 1831BC901E575CC900AAE0E5;
					};
				};
			};
			buildConfigurationList = 1831BC8C1E575CC900AAE0E5 /* Build configuration list for PBXProject "qdd" */;
			compatibilityVersion = "Xcode 3.2";
			developmentRegion = English;
			hasScannedForEncodings = 0;
			knownRegions = (
				en,
				Base,
			);
			mainGroup = 1831BC881E575CC900AAE0E5;
			productRefGroup = 1831BC921E575CC900AAE0E5 /* Products */;
			projectDirPath = "";
			projectRoot = "";
			targets = (
				1831BC901E575CC900AAE0E5 /* qdd */,
				1831BCA91E575CCA00AAE0E5 /* qddTests */,
				1831BCB41E575CCA00AAE0E5 /* qddUITests */,
			);
		};
/* End PBXProject section */

/* Begin PBXResourcesBuildPhase section */
		1831BC8F1E575CC900AAE0E5 /* Resources */ = {
			isa = PBXResourcesBuildPhase;
			buildActionMask = 2147483647;
			files = (
				1831BD091E575E0A00AAE0E5 /* LICENSE in Resources */,
				1831BCA11E575CCA00AAE0E5 /* Assets.xcassets in Resources */,
				1831BC9F1E575CCA00AAE0E5 /* Main.storyboard in Resources */,
			);
			runOnlyForDeploymentPostprocessing = 0;
		};
		1831BCA81E575CCA00AAE0E5 /* Resources */ = {
			isa = PBXResourcesBuildPhase;
			buildActionMask = 2147483647;
			files = (
			);
			runOnlyForDeploymentPostprocessing = 0;
		};
		1831BCB31E575CCA00AAE0E5 /* Resources */ = {
			isa = PBXResourcesBuildPhase;
			buildActionMask = 2147483647;
			files = (
			);
			runOnlyForDeploymentPostprocessing = 0;
		};
/* End PBXResourcesBuildPhase section */

/* Begin PBXSourcesBuildPhase section */
		1831BC8D1E575CC900AAE0E5 /* Sources */ = {
			isa = PBXSourcesBuildPhase;
			buildActionMask = 2147483647;
			files = (
				18F4940D1E6BFFDA0033AC03 /* AboutVC.m in Sources */,
				180F11AE1E7593090082F385 /* ViewController.mm in Sources */,
				18ABF8E31E73D39800022368 /* SetPasswordFailedVC.m in Sources */,
				1831BCFB1E575E0A00AAE0E5 /* AFNetRequest.m in Sources */,
				18ABF8E01E73D38700022368 /* SetPasswordSucessVC.m in Sources */,
				18ABF8DA1E73C52E00022368 /* ForgetPasswordVC.m in Sources */,
				1818E44A1E750A9D003B8865 /* AccountCell.m in Sources */,
				1831BD0B1E575E0A00AAE0E5 /* RECommonFunctions.m in Sources */,
				18F493F91E6BB0C80033AC03 /* OrderCell.m in Sources */,
				18314D991E62C0B20046A127 /* SignImageView.m in Sources */,
				180F11E41E75B4490082F385 /* FaceDetectVC.m in Sources */,
				1831BD041E575E0A00AAE0E5 /* AFNetworkReachabilityManager.m in Sources */,
				18D9380E1E704836000EC118 /* LoginVC.m in Sources */,
				18314D961E62ACAB0046A127 /* SignVC.m in Sources */,
				18F4941F1E6C2BB70033AC03 /* UserAccountVC.m in Sources */,
				185A032C1E618AEE00EB9325 /* PayVC.m in Sources */,
				18DC3A591E596C2200151834 /* LeftVC.m in Sources */,
				1831BCF71E575E0A00AAE0E5 /* BaseVC.m in Sources */,
				1831BCF81E575E0A00AAE0E5 /* MainVC.m in Sources */,
				18F494161E6C14310033AC03 /* SecurityVC.m in Sources */,
				1831BC991E575CCA00AAE0E5 /* AppDelegate.m in Sources */,
				180F11851E757DD40082F385 /* PhotoVC.m in Sources */,
				1818E44D1E751518003B8865 /* BindingMailVC.m in Sources */,
				180F11AB1E75907C0082F385 /* IFlyFaceResultKeys.m in Sources */,
				185A03251E6173C300EB9325 /* ShoppingDetailVC.m in Sources */,
				18F494011E6BD2B50033AC03 /* NSString+PinYin.m in Sources */,
				18ABF8D71E739C7B00022368 /* BindMailVC.m in Sources */,
				18ABF8DD1E73CBBA00022368 /* GetVerifyCodeView.m in Sources */,
				18FD19C21E718DA600AA54CF /* RegisteCell.m in Sources */,
				185A03181E61415E00EB9325 /* ContactVC.m in Sources */,
				1831BD051E575E0A00AAE0E5 /* AFSecurityPolicy.m in Sources */,
				185A03121E61412B00EB9325 /* ShoppingVC.m in Sources */,
				184935D31E6F035200195071 /* SignCell.m in Sources */,
				18F494191E6C16BB0033AC03 /* SetPasswordVC.m in Sources */,
				18EF03431E5C80CC00A2093E /* MessageDetailVC.m in Sources */,
				180F11A61E75907C0082F385 /* CalculatorTools.m in Sources */,
				180F11A41E75907C0082F385 /* CanvasView.m in Sources */,
				1831BD0C1E575E0A00AAE0E5 /* RESideMenu.m in Sources */,
				18F494131E6C086C0033AC03 /* UILabel+Adjust.m in Sources */,
				180F11AA1E75907C0082F385 /* PermissionDetector.m in Sources */,
				1831BD061E575E0A00AAE0E5 /* AFURLRequestSerialization.m in Sources */,
				1831BC961E575CCA00AAE0E5 /* main.m in Sources */,
				18FD19C51E71B5CF00AA54CF /* RegisteSucessVC.m in Sources */,
				1818E4561E754FBE003B8865 /* VerifyVC.m in Sources */,
				18ABF8D41E73922A00022368 /* RegisteFailedVC.m in Sources */,
				185A03151E61415000EB9325 /* MySignVC.m in Sources */,
				185A032F1E61916700EB9325 /* PayView.m in Sources */,
				185A031E1E61417900EB9325 /* SetVC.m in Sources */,
				1831BD0A1E575E0A00AAE0E5 /* README.md in Sources */,
				185A031B1E61416B00EB9325 /* MyOrderVC.m in Sources */,
				18F494101E6C06060033AC03 /* HelpVC.m in Sources */,
				1831BD071E575E0A00AAE0E5 /* AFURLResponseSerialization.m in Sources */,
				18D938111E705EF0000EC118 /* RegisteVC.m in Sources */,
				1818E4531E753210003B8865 /* MessageDetailView.m in Sources */,
				185A03211E6165DE00EB9325 /* SetView.m in Sources */,
				18ABF8E91E73FE2700022368 /* CommentVC.m in Sources */,
				180F11A81E75907C0082F385 /* UIImage+compress.m in Sources */,
				180F11A71E75907C0082F385 /* IFlyFaceImage.m in Sources */,
				1818E4591E75544C003B8865 /* VerifyTypeView.m in Sources */,
				18F4941C1E6C1B9D0033AC03 /* PasswordView.m in Sources */,
				18ABF8E61E73D9B900022368 /* ResetPasswordVC.m in Sources */,
				18DC3A5C1E596C4500151834 /* RightVC.m in Sources */,
				18F494071E6BE9120033AC03 /* AddContactView.m in Sources */,
				180F11A91E75907C0082F385 /* UIImage+Extensions.m in Sources */,
				1831BD081E575E0A00AAE0E5 /* AFURLSessionManager.m in Sources */,
				18DC3A6A1E598D7400151834 /* MessageCell.m in Sources */,
				180F11E71E75B9B40082F385 /* FaceSucessVC.m in Sources */,
				180F11A51E75907C0082F385 /* CaptureManager.m in Sources */,
				18314D931E62ABB50046A127 /* SKGraphicView.m in Sources */,
				18F494041E6BDF100033AC03 /* AddContactVC.m in Sources */,
				1831BD031E575E0A00AAE0E5 /* AFHTTPSessionManager.m in Sources */,
				1831BD0D1E575E0A00AAE0E5 /* UIViewController+RESideMenu.m in Sources */,
				180F11A31E75907C0082F385 /* FaceStreamDetectorViewController.m in Sources */,
			);
			runOnlyForDeploymentPostprocessing = 0;
		};
		1831BCA61E575CCA00AAE0E5 /* Sources */ = {
			isa = PBXSourcesBuildPhase;
			buildActionMask = 2147483647;
			files = (
				1831BCAF1E575CCA00AAE0E5 /* qddTests.m in Sources */,
			);
			runOnlyForDeploymentPostprocessing = 0;
		};
		1831BCB11E575CCA00AAE0E5 /* Sources */ = {
			isa = PBXSourcesBuildPhase;
			buildActionMask = 2147483647;
			files = (
				1831BCBA1E575CCA00AAE0E5 /* qddUITests.m in Sources */,
			);
			runOnlyForDeploymentPostprocessing = 0;
		};
/* End PBXSourcesBuildPhase section */

/* Begin PBXTargetDependency section */
		1831BCAC1E575CCA00AAE0E5 /* PBXTargetDependency */ = {
			isa = PBXTargetDependency;
			target = 1831BC901E575CC900AAE0E5 /* qdd */;
			targetProxy = 1831BCAB1E575CCA00AAE0E5 /* PBXContainerItemProxy */;
		};
		1831BCB71E575CCA00AAE0E5 /* PBXTargetDependency */ = {
			isa = PBXTargetDependency;
			target = 1831BC901E575CC900AAE0E5 /* qdd */;
			targetProxy = 1831BCB61E575CCA00AAE0E5 /* PBXContainerItemProxy */;
		};
/* End PBXTargetDependency section */

/* Begin PBXVariantGroup section */
		1831BC9D1E575CCA00AAE0E5 /* Main.storyboard */ = {
			isa = PBXVariantGroup;
			children = (
				1831BC9E1E575CCA00AAE0E5 /* Base */,
			);
			name = Main.storyboard;
			sourceTree = "<group>";
		};
/* End PBXVariantGroup section */

/* Begin XCBuildConfiguration section */
		1831BCBC1E575CCA00AAE0E5 /* Debug */ = {
			isa = XCBuildConfiguration;
			buildSettings = {
				ALWAYS_SEARCH_USER_PATHS = NO;
				CLANG_ANALYZER_NONNULL = YES;
				CLANG_CXX_LANGUAGE_STANDARD = "gnu++0x";
				CLANG_CXX_LIBRARY = "libc++";
				CLANG_ENABLE_MODULES = YES;
				CLANG_ENABLE_OBJC_ARC = YES;
				CLANG_WARN_BOOL_CONVERSION = YES;
				CLANG_WARN_CONSTANT_CONVERSION = YES;
				CLANG_WARN_DIRECT_OBJC_ISA_USAGE = YES_ERROR;
				CLANG_WARN_EMPTY_BODY = YES;
				CLANG_WARN_ENUM_CONVERSION = YES;
				CLANG_WARN_INT_CONVERSION = YES;
				CLANG_WARN_OBJC_ROOT_CLASS = YES_ERROR;
				CLANG_WARN_UNREACHABLE_CODE = YES;
				CLANG_WARN__DUPLICATE_METHOD_MATCH = YES;
				"CODE_SIGN_IDENTITY[sdk=iphoneos*]" = "iPhone Developer";
				COPY_PHASE_STRIP = NO;
				DEBUG_INFORMATION_FORMAT = dwarf;
				ENABLE_STRICT_OBJC_MSGSEND = YES;
				ENABLE_TESTABILITY = YES;
				GCC_C_LANGUAGE_STANDARD = gnu99;
				GCC_DYNAMIC_NO_PIC = NO;
				GCC_NO_COMMON_BLOCKS = YES;
				GCC_OPTIMIZATION_LEVEL = 0;
				GCC_PREPROCESSOR_DEFINITIONS = (
					"DEBUG=1",
					"$(inherited)",
				);
				GCC_WARN_64_TO_32_BIT_CONVERSION = YES;
				GCC_WARN_ABOUT_RETURN_TYPE = YES_ERROR;
				GCC_WARN_UNDECLARED_SELECTOR = YES;
				GCC_WARN_UNINITIALIZED_AUTOS = YES_AGGRESSIVE;
				GCC_WARN_UNUSED_FUNCTION = YES;
				GCC_WARN_UNUSED_VARIABLE = YES;
				IPHONEOS_DEPLOYMENT_TARGET = 9.3;
				MTL_ENABLE_DEBUG_INFO = YES;
				ONLY_ACTIVE_ARCH = YES;
				SDKROOT = iphoneos;
			};
			name = Debug;
		};
		1831BCBD1E575CCA00AAE0E5 /* Release */ = {
			isa = XCBuildConfiguration;
			buildSettings = {
				ALWAYS_SEARCH_USER_PATHS = NO;
				CLANG_ANALYZER_NONNULL = YES;
				CLANG_CXX_LANGUAGE_STANDARD = "gnu++0x";
				CLANG_CXX_LIBRARY = "libc++";
				CLANG_ENABLE_MODULES = YES;
				CLANG_ENABLE_OBJC_ARC = YES;
				CLANG_WARN_BOOL_CONVERSION = YES;
				CLANG_WARN_CONSTANT_CONVERSION = YES;
				CLANG_WARN_DIRECT_OBJC_ISA_USAGE = YES_ERROR;
				CLANG_WARN_EMPTY_BODY = YES;
				CLANG_WARN_ENUM_CONVERSION = YES;
				CLANG_WARN_INT_CONVERSION = YES;
				CLANG_WARN_OBJC_ROOT_CLASS = YES_ERROR;
				CLANG_WARN_UNREACHABLE_CODE = YES;
				CLANG_WARN__DUPLICATE_METHOD_MATCH = YES;
				"CODE_SIGN_IDENTITY[sdk=iphoneos*]" = "iPhone Developer";
				COPY_PHASE_STRIP = NO;
				DEBUG_INFORMATION_FORMAT = "dwarf-with-dsym";
				ENABLE_NS_ASSERTIONS = NO;
				ENABLE_STRICT_OBJC_MSGSEND = YES;
				GCC_C_LANGUAGE_STANDARD = gnu99;
				GCC_NO_COMMON_BLOCKS = YES;
				GCC_WARN_64_TO_32_BIT_CONVERSION = YES;
				GCC_WARN_ABOUT_RETURN_TYPE = YES_ERROR;
				GCC_WARN_UNDECLARED_SELECTOR = YES;
				GCC_WARN_UNINITIALIZED_AUTOS = YES_AGGRESSIVE;
				GCC_WARN_UNUSED_FUNCTION = YES;
				GCC_WARN_UNUSED_VARIABLE = YES;
				IPHONEOS_DEPLOYMENT_TARGET = 9.3;
				MTL_ENABLE_DEBUG_INFO = NO;
				SDKROOT = iphoneos;
				VALIDATE_PRODUCT = YES;
			};
			name = Release;
		};
		1831BCBF1E575CCA00AAE0E5 /* Debug */ = {
			isa = XCBuildConfiguration;
			buildSettings = {
				ASSETCATALOG_COMPILER_APPICON_NAME = AppIcon;
				ENABLE_BITCODE = NO;
				FRAMEWORK_SEARCH_PATHS = (
					"$(inherited)",
					"$(PROJECT_DIR)/qdd/sdk",
				);
				INFOPLIST_FILE = qdd/Info.plist;
				LD_RUNPATH_SEARCH_PATHS = "$(inherited) @executable_path/Frameworks";
				LIBRARY_SEARCH_PATHS = (
					"$(inherited)",
					"$(PROJECT_DIR)/qdd/sdk",
				);
				PRODUCT_BUNDLE_IDENTIFIER = "Loney-Devil.qdd";
				PRODUCT_NAME = "$(TARGET_NAME)";
			};
			name = Debug;
		};
		1831BCC01E575CCA00AAE0E5 /* Release */ = {
			isa = XCBuildConfiguration;
			buildSettings = {
				ASSETCATALOG_COMPILER_APPICON_NAME = AppIcon;
				ENABLE_BITCODE = NO;
				FRAMEWORK_SEARCH_PATHS = (
					"$(inherited)",
					"$(PROJECT_DIR)/qdd/sdk",
				);
				INFOPLIST_FILE = qdd/Info.plist;
				LD_RUNPATH_SEARCH_PATHS = "$(inherited) @executable_path/Frameworks";
				LIBRARY_SEARCH_PATHS = (
					"$(inherited)",
					"$(PROJECT_DIR)/qdd/sdk",
				);
				PRODUCT_BUNDLE_IDENTIFIER = "Loney-Devil.qdd";
				PRODUCT_NAME = "$(TARGET_NAME)";
			};
			name = Release;
		};
		1831BCC21E575CCA00AAE0E5 /* Debug */ = {
			isa = XCBuildConfiguration;
			buildSettings = {
				BUNDLE_LOADER = "$(TEST_HOST)";
				INFOPLIST_FILE = qddTests/Info.plist;
				LD_RUNPATH_SEARCH_PATHS = "$(inherited) @executable_path/Frameworks @loader_path/Frameworks";
				PRODUCT_BUNDLE_IDENTIFIER = "Loney-Devil.qddTests";
				PRODUCT_NAME = "$(TARGET_NAME)";
				TEST_HOST = "$(BUILT_PRODUCTS_DIR)/qdd.app/qdd";
			};
			name = Debug;
		};
		1831BCC31E575CCA00AAE0E5 /* Release */ = {
			isa = XCBuildConfiguration;
			buildSettings = {
				BUNDLE_LOADER = "$(TEST_HOST)";
				INFOPLIST_FILE = qddTests/Info.plist;
				LD_RUNPATH_SEARCH_PATHS = "$(inherited) @executable_path/Frameworks @loader_path/Frameworks";
				PRODUCT_BUNDLE_IDENTIFIER = "Loney-Devil.qddTests";
				PRODUCT_NAME = "$(TARGET_NAME)";
				TEST_HOST = "$(BUILT_PRODUCTS_DIR)/qdd.app/qdd";
			};
			name = Release;
		};
		1831BCC51E575CCA00AAE0E5 /* Debug */ = {
			isa = XCBuildConfiguration;
			buildSettings = {
				INFOPLIST_FILE = qddUITests/Info.plist;
				LD_RUNPATH_SEARCH_PATHS = "$(inherited) @executable_path/Frameworks @loader_path/Frameworks";
				PRODUCT_BUNDLE_IDENTIFIER = "Loney-Devil.qddUITests";
				PRODUCT_NAME = "$(TARGET_NAME)";
				TEST_TARGET_NAME = qdd;
			};
			name = Debug;
		};
		1831BCC61E575CCA00AAE0E5 /* Release */ = {
			isa = XCBuildConfiguration;
			buildSettings = {
				INFOPLIST_FILE = qddUITests/Info.plist;
				LD_RUNPATH_SEARCH_PATHS = "$(inherited) @executable_path/Frameworks @loader_path/Frameworks";
				PRODUCT_BUNDLE_IDENTIFIER = "Loney-Devil.qddUITests";
				PRODUCT_NAME = "$(TARGET_NAME)";
				TEST_TARGET_NAME = qdd;
			};
			name = Release;
		};
/* End XCBuildConfiguration section */

/* Begin XCConfigurationList section */
		1831BC8C1E575CC900AAE0E5 /* Build configuration list for PBXProject "qdd" */ = {
			isa = XCConfigurationList;
			buildConfigurations = (
				1831BCBC1E575CCA00AAE0E5 /* Debug */,
				1831BCBD1E575CCA00AAE0E5 /* Release */,
			);
			defaultConfigurationIsVisible = 0;
			defaultConfigurationName = Release;
		};
		1831BCBE1E575CCA00AAE0E5 /* Build configuration list for PBXNativeTarget "qdd" */ = {
			isa = XCConfigurationList;
			buildConfigurations = (
				1831BCBF1E575CCA00AAE0E5 /* Debug */,
				1831BCC01E575CCA00AAE0E5 /* Release */,
			);
			defaultConfigurationIsVisible = 0;
			defaultConfigurationName = Release;
		};
		1831BCC11E575CCA00AAE0E5 /* Build configuration list for PBXNativeTarget "qddTests" */ = {
			isa = XCConfigurationList;
			buildConfigurations = (
				1831BCC21E575CCA00AAE0E5 /* Debug */,
				1831BCC31E575CCA00AAE0E5 /* Release */,
			);
			defaultConfigurationIsVisible = 0;
			defaultConfigurationName = Release;
		};
		1831BCC41E575CCA00AAE0E5 /* Build configuration list for PBXNativeTarget "qddUITests" */ = {
			isa = XCConfigurationList;
			buildConfigurations = (
				1831BCC51E575CCA00AAE0E5 /* Debug */,
				1831BCC61E575CCA00AAE0E5 /* Release */,
			);
			defaultConfigurationIsVisible = 0;
			defaultConfigurationName = Release;
		};
/* End XCConfigurationList section */
	};
	rootObject = 1831BC891E575CC900AAE0E5 /* Project object */;
}
